// !$*UTF8*$!
{
	archiveVersion = 1;
	classes = {
	};
	objectVersion = 46;
	objects = {

/* Begin PBXBuildFile section */
		C20FB7D519455C2B0003DB70 /* CFEditPersonView.m in Sources */ = {isa = PBXBuildFile; fileRef = C20FB7D419455C2B0003DB70 /* CFEditPersonView.m */; };
		C20FB7D819455C400003DB70 /* CFEditPersonViewController.m in Sources */ = {isa = PBXBuildFile; fileRef = C20FB7D719455C400003DB70 /* CFEditPersonViewController.m */; };
		C212855E19443973004EC639 /* readme.md in Resources */ = {isa = PBXBuildFile; fileRef = C212855D19443973004EC639 /* readme.md */; };
		C212856A194458BC004EC639 /* default.jpg in Resources */ = {isa = PBXBuildFile; fileRef = C2128569194458BC004EC639 /* default.jpg */; };
		C2149F29194721A80059C623 /* CFPersonTableViewCell.m in Sources */ = {isa = PBXBuildFile; fileRef = C2149F28194721A80059C623 /* CFPersonTableViewCell.m */; };
		C216C0291941F283008DF648 /* AddressBookUI-Info.plist in Resources */ = {isa = PBXBuildFile; fileRef = C216C0281941F283008DF648 /* AddressBookUI-Info.plist */; };
		C216C04D19420EB7008DF648 /* 拜勒岗·鲁伊森邦.png in Resources */ = {isa = PBXBuildFile; fileRef = C216C04219420EB7008DF648 /* 拜勒岗·鲁伊森邦.png */; };
		C216C04E19420EB7008DF648 /* 蒂雅·赫丽贝尔.png in Resources */ = {isa = PBXBuildFile; fileRef = C216C04319420EB7008DF648 /* 蒂雅·赫丽贝尔.png */; };
		C216C04F19420EB7008DF648 /* 葛力姆乔·贾卡杰克.png in Resources */ = {isa = PBXBuildFile; fileRef = C216C04419420EB7008DF648 /* 葛力姆乔·贾卡杰克.png */; };
		C216C05019420EB7008DF648 /* 柯雅泰·史塔克.png in Resources */ = {isa = PBXBuildFile; fileRef = C216C04519420EB7008DF648 /* 柯雅泰·史塔克.png */; };
		C216C05119420EB7008DF648 /* 妮莉艾露·杜·欧德修凡克.png in Resources */ = {isa = PBXBuildFile; fileRef = C216C04619420EB7008DF648 /* 妮莉艾露·杜·欧德修凡克.png */; };
		C216C05219420EB7008DF648 /* 诺伊特拉·吉尔加.png in Resources */ = {isa = PBXBuildFile; fileRef = C216C04719420EB7008DF648 /* 诺伊特拉·吉尔加.png */; };
		C216C05319420EB7008DF648 /* 萨尔阿波罗·格兰兹.png in Resources */ = {isa = PBXBuildFile; fileRef = C216C04819420EB7008DF648 /* 萨尔阿波罗·格兰兹.png */; };
		C216C05419420EB7008DF648 /* 乌尔奇奥拉·西法.png in Resources */ = {isa = PBXBuildFile; fileRef = C216C04919420EB7008DF648 /* 乌尔奇奥拉·西法.png */; };
		C216C05519420EB7008DF648 /* 牙密·里亚尔戈.png in Resources */ = {isa = PBXBuildFile; fileRef = C216C04A19420EB7008DF648 /* 牙密·里亚尔戈.png */; };
		C216C05619420EB7008DF648 /* 亚罗尼洛·艾鲁鲁耶利.png in Resources */ = {isa = PBXBuildFile; fileRef = C216C04B19420EB7008DF648 /* 亚罗尼洛·艾鲁鲁耶利.png */; };
		C216C05719420EB7008DF648 /* 佐马利·路鲁.png in Resources */ = {isa = PBXBuildFile; fileRef = C216C04C19420EB7008DF648 /* 佐马利·路鲁.png */; };
		C216C06019420ED0008DF648 /* CFAddressBookModel.m in Sources */ = {isa = PBXBuildFile; fileRef = C216C05919420ED0008DF648 /* CFAddressBookModel.m */; };
		C216C06119420ED0008DF648 /* CFAddressBookView.m in Sources */ = {isa = PBXBuildFile; fileRef = C216C05B19420ED0008DF648 /* CFAddressBookView.m */; };
		C216C06219420ED0008DF648 /* CFAddressBookViewController.m in Sources */ = {isa = PBXBuildFile; fileRef = C216C05D19420ED0008DF648 /* CFAddressBookViewController.m */; };
		C216C06319420ED0008DF648 /* CFPerson.m in Sources */ = {isa = PBXBuildFile; fileRef = C216C05F19420ED0008DF648 /* CFPerson.m */; };
		C217AB8A19408CFB0006784A /* Foundation.framework in Frameworks */ = {isa = PBXBuildFile; fileRef = C217AB8919408CFB0006784A /* Foundation.framework */; };
		C217AB8C19408CFB0006784A /* CoreGraphics.framework in Frameworks */ = {isa = PBXBuildFile; fileRef = C217AB8B19408CFB0006784A /* CoreGraphics.framework */; };
		C217AB8E19408CFB0006784A /* UIKit.framework in Frameworks */ = {isa = PBXBuildFile; fileRef = C217AB8D19408CFB0006784A /* UIKit.framework */; };
		C217ABA319408CFB0006784A /* XCTest.framework in Frameworks */ = {isa = PBXBuildFile; fileRef = C217ABA219408CFB0006784A /* XCTest.framework */; };
		C217ABA419408CFB0006784A /* Foundation.framework in Frameworks */ = {isa = PBXBuildFile; fileRef = C217AB8919408CFB0006784A /* Foundation.framework */; };
		C217ABA519408CFB0006784A /* UIKit.framework in Frameworks */ = {isa = PBXBuildFile; fileRef = C217AB8D19408CFB0006784A /* UIKit.framework */; };
		C217ABAD19408CFB0006784A /* InfoPlist.strings in Resources */ = {isa = PBXBuildFile; fileRef = C217ABAB19408CFB0006784A /* InfoPlist.strings */; };
		C217ABAF19408CFB0006784A /* AddressBookUITests.m in Sources */ = {isa = PBXBuildFile; fileRef = C217ABAE19408CFB0006784A /* AddressBookUITests.m */; };
		C220EB5219470E6700D9796F /* CFMaleTableViewCell.m in Sources */ = {isa = PBXBuildFile; fileRef = C220EB5119470E6700D9796F /* CFMaleTableViewCell.m */; };
		C220EB5519470EEF00D9796F /* CFFemaleTableViewCell.m in Sources */ = {isa = PBXBuildFile; fileRef = C220EB5419470EEF00D9796F /* CFFemaleTableViewCell.m */; };
		C22FF93A19431127004094DD /* CFMainViewController.m in Sources */ = {isa = PBXBuildFile; fileRef = C22FF93919431127004094DD /* CFMainViewController.m */; };
		C23F26A61947FAFD005C67B2 /* CFPersonCellInfoView.m in Sources */ = {isa = PBXBuildFile; fileRef = C23F26A51947FAFD005C67B2 /* CFPersonCellInfoView.m */; };
		C281CA3E1941CC0300D61F40 /* addressBookData in Resources */ = {isa = PBXBuildFile; fileRef = C281CA2B1941CC0300D61F40 /* addressBookData */; };
		C281CA431941CC0300D61F40 /* CFAppDelegate.m in Sources */ = {isa = PBXBuildFile; fileRef = C281CA351941CC0300D61F40 /* CFAppDelegate.m */; };
		C281CA451941CC0300D61F40 /* InfoPlist.strings in Resources */ = {isa = PBXBuildFile; fileRef = C281CA381941CC0300D61F40 /* InfoPlist.strings */; };
		C281CA461941CC0300D61F40 /* Images.xcassets in Resources */ = {isa = PBXBuildFile; fileRef = C281CA3A1941CC0300D61F40 /* Images.xcassets */; };
		C281CA471941CC0300D61F40 /* main.m in Sources */ = {isa = PBXBuildFile; fileRef = C281CA3B1941CC0300D61F40 /* main.m */; };
/* End PBXBuildFile section */

/* Begin PBXContainerItemProxy section */
		C217ABA619408CFB0006784A /* PBXContainerItemProxy */ = {
			isa = PBXContainerItemProxy;
			containerPortal = C217AB7E19408CFB0006784A /* Project object */;
			proxyType = 1;
			remoteGlobalIDString = C217AB8519408CFB0006784A;
			remoteInfo = AddressBookUI;
		};
/* End PBXContainerItemProxy section */

/* Begin PBXFileReference section */
		C20FB7D319455C2B0003DB70 /* CFEditPersonView.h */ = {isa = PBXFileReference; fileEncoding = 4; lastKnownFileType = sourcecode.c.h; name = CFEditPersonView.h; path = EditPerson/CFEditPersonView.h; sourceTree = "<group>"; };
		C20FB7D419455C2B0003DB70 /* CFEditPersonView.m */ = {isa = PBXFileReference; fileEncoding = 4; lastKnownFileType = sourcecode.c.objc; name = CFEditPersonView.m; path = EditPerson/CFEditPersonView.m; sourceTree = "<group>"; };
		C20FB7D619455C400003DB70 /* CFEditPersonViewController.h */ = {isa = PBXFileReference; fileEncoding = 4; lastKnownFileType = sourcecode.c.h; name = CFEditPersonViewController.h; path = EditPerson/CFEditPersonViewController.h; sourceTree = "<group>"; };
		C20FB7D719455C400003DB70 /* CFEditPersonViewController.m */ = {isa = PBXFileReference; fileEncoding = 4; lastKnownFileType = sourcecode.c.objc; name = CFEditPersonViewController.m; path = EditPerson/CFEditPersonViewController.m; sourceTree = "<group>"; };
		C212855D19443973004EC639 /* readme.md */ = {isa = PBXFileReference; fileEncoding = 4; lastKnownFileType = text; path = readme.md; sourceTree = SOURCE_ROOT; };
		C2128569194458BC004EC639 /* default.jpg */ = {isa = PBXFileReference; lastKnownFileType = image.jpeg; name = default.jpg; path = Resources/default.jpg; sourceTree = "<group>"; };
		C2149F27194721A80059C623 /* CFPersonTableViewCell.h */ = {isa = PBXFileReference; fileEncoding = 4; lastKnownFileType = sourcecode.c.h; name = CFPersonTableViewCell.h; path = AddressBook/CFPersonTableViewCell.h; sourceTree = "<group>"; };
		C2149F28194721A80059C623 /* CFPersonTableViewCell.m */ = {isa = PBXFileReference; fileEncoding = 4; lastKnownFileType = sourcecode.c.objc; name = CFPersonTableViewCell.m; path = AddressBook/CFPersonTableViewCell.m; sourceTree = "<group>"; };
		C216C0281941F283008DF648 /* AddressBookUI-Info.plist */ = {isa = PBXFileReference; fileEncoding = 4; lastKnownFileType = text.plist.xml; name = "AddressBookUI-Info.plist"; path = "Resources/AddressBookUI-Info.plist"; sourceTree = "<group>"; };
		C216C04219420EB7008DF648 /* 拜勒岗·鲁伊森邦.png */ = {isa = PBXFileReference; lastKnownFileType = image.png; name = "拜勒岗·鲁伊森邦.png"; path = "Resources/拜勒岗·鲁伊森邦.png"; sourceTree = "<group>"; };
		C216C04319420EB7008DF648 /* 蒂雅·赫丽贝尔.png */ = {isa = PBXFileReference; lastKnownFileType = image.png; name = "蒂雅·赫丽贝尔.png"; path = "Resources/蒂雅·赫丽贝尔.png"; sourceTree = "<group>"; };
		C216C04419420EB7008DF648 /* 葛力姆乔·贾卡杰克.png */ = {isa = PBXFileReference; lastKnownFileType = image.png; name = "葛力姆乔·贾卡杰克.png"; path = "Resources/葛力姆乔·贾卡杰克.png"; sourceTree = "<group>"; };
		C216C04519420EB7008DF648 /* 柯雅泰·史塔克.png */ = {isa = PBXFileReference; lastKnownFileType = image.png; name = "柯雅泰·史塔克.png"; path = "Resources/柯雅泰·史塔克.png"; sourceTree = "<group>"; };
		C216C04619420EB7008DF648 /* 妮莉艾露·杜·欧德修凡克.png */ = {isa = PBXFileReference; lastKnownFileType = image.png; name = "妮莉艾露·杜·欧德修凡克.png"; path = "Resources/妮莉艾露·杜·欧德修凡克.png"; sourceTree = "<group>"; };
		C216C04719420EB7008DF648 /* 诺伊特拉·吉尔加.png */ = {isa = PBXFileReference; lastKnownFileType = image.png; name = "诺伊特拉·吉尔加.png"; path = "Resources/诺伊特拉·吉尔加.png"; sourceTree = "<group>"; };
		C216C04819420EB7008DF648 /* 萨尔阿波罗·格兰兹.png */ = {isa = PBXFileReference; lastKnownFileType = image.png; name = "萨尔阿波罗·格兰兹.png"; path = "Resources/萨尔阿波罗·格兰兹.png"; sourceTree = "<group>"; };
		C216C04919420EB7008DF648 /* 乌尔奇奥拉·西法.png */ = {isa = PBXFileReference; lastKnownFileType = image.png; name = "乌尔奇奥拉·西法.png"; path = "Resources/乌尔奇奥拉·西法.png"; sourceTree = "<group>"; };
		C216C04A19420EB7008DF648 /* 牙密·里亚尔戈.png */ = {isa = PBXFileReference; lastKnownFileType = image.png; name = "牙密·里亚尔戈.png"; path = "Resources/牙密·里亚尔戈.png"; sourceTree = "<group>"; };
		C216C04B19420EB7008DF648 /* 亚罗尼洛·艾鲁鲁耶利.png */ = {isa = PBXFileReference; lastKnownFileType = image.png; name = "亚罗尼洛·艾鲁鲁耶利.png"; path = "Resources/亚罗尼洛·艾鲁鲁耶利.png"; sourceTree = "<group>"; };
		C216C04C19420EB7008DF648 /* 佐马利·路鲁.png */ = {isa = PBXFileReference; lastKnownFileType = image.png; name = "佐马利·路鲁.png"; path = "Resources/佐马利·路鲁.png"; sourceTree = "<group>"; };
		C216C05819420ED0008DF648 /* CFAddressBookModel.h */ = {isa = PBXFileReference; fileEncoding = 4; lastKnownFileType = sourcecode.c.h; name = CFAddressBookModel.h; path = AddressBook/CFAddressBookModel.h; sourceTree = "<group>"; };
		C216C05919420ED0008DF648 /* CFAddressBookModel.m */ = {isa = PBXFileReference; fileEncoding = 4; lastKnownFileType = sourcecode.c.objc; name = CFAddressBookModel.m; path = AddressBook/CFAddressBookModel.m; sourceTree = "<group>"; };
		C216C05A19420ED0008DF648 /* CFAddressBookView.h */ = {isa = PBXFileReference; fileEncoding = 4; lastKnownFileType = sourcecode.c.h; name = CFAddressBookView.h; path = AddressBook/CFAddressBookView.h; sourceTree = "<group>"; };
		C216C05B19420ED0008DF648 /* CFAddressBookView.m */ = {isa = PBXFileReference; fileEncoding = 4; lastKnownFileType = sourcecode.c.objc; name = CFAddressBookView.m; path = AddressBook/CFAddressBookView.m; sourceTree = "<group>"; };
		C216C05C19420ED0008DF648 /* CFAddressBookViewController.h */ = {isa = PBXFileReference; fileEncoding = 4; lastKnownFileType = sourcecode.c.h; name = CFAddressBookViewController.h; path = AddressBook/CFAddressBookViewController.h; sourceTree = "<group>"; };
		C216C05D19420ED0008DF648 /* CFAddressBookViewController.m */ = {isa = PBXFileReference; fileEncoding = 4; lastKnownFileType = sourcecode.c.objc; name = CFAddressBookViewController.m; path = AddressBook/CFAddressBookViewController.m; sourceTree = "<group>"; };
		C216C05E19420ED0008DF648 /* CFPerson.h */ = {isa = PBXFileReference; fileEncoding = 4; lastKnownFileType = sourcecode.c.h; name = CFPerson.h; path = AddressBook/CFPerson.h; sourceTree = "<group>"; };
		C216C05F19420ED0008DF648 /* CFPerson.m */ = {isa = PBXFileReference; fileEncoding = 4; lastKnownFileType = sourcecode.c.objc; name = CFPerson.m; path = AddressBook/CFPerson.m; sourceTree = "<group>"; };
		C217AB8619408CFB0006784A /* AddressBookUI.app */ = {isa = PBXFileReference; explicitFileType = wrapper.application; includeInIndex = 0; path = AddressBookUI.app; sourceTree = BUILT_PRODUCTS_DIR; };
		C217AB8919408CFB0006784A /* Foundation.framework */ = {isa = PBXFileReference; lastKnownFileType = wrapper.framework; name = Foundation.framework; path = System/Library/Frameworks/Foundation.framework; sourceTree = SDKROOT; };
		C217AB8B19408CFB0006784A /* CoreGraphics.framework */ = {isa = PBXFileReference; lastKnownFileType = wrapper.framework; name = CoreGraphics.framework; path = System/Library/Frameworks/CoreGraphics.framework; sourceTree = SDKROOT; };
		C217AB8D19408CFB0006784A /* UIKit.framework */ = {isa = PBXFileReference; lastKnownFileType = wrapper.framework; name = UIKit.framework; path = System/Library/Frameworks/UIKit.framework; sourceTree = SDKROOT; };
		C217ABA119408CFB0006784A /* AddressBookUITests.xctest */ = {isa = PBXFileReference; explicitFileType = wrapper.cfbundle; includeInIndex = 0; path = AddressBookUITests.xctest; sourceTree = BUILT_PRODUCTS_DIR; };
		C217ABA219408CFB0006784A /* XCTest.framework */ = {isa = PBXFileReference; lastKnownFileType = wrapper.framework; name = XCTest.framework; path = Library/Frameworks/XCTest.framework; sourceTree = DEVELOPER_DIR; };
		C217ABAA19408CFB0006784A /* AddressBookUITests-Info.plist */ = {isa = PBXFileReference; lastKnownFileType = text.plist.xml; path = "AddressBookUITests-Info.plist"; sourceTree = "<group>"; };
		C217ABAC19408CFB0006784A /* en */ = {isa = PBXFileReference; lastKnownFileType = text.plist.strings; name = en; path = en.lproj/InfoPlist.strings; sourceTree = "<group>"; };
		C217ABAE19408CFB0006784A /* AddressBookUITests.m */ = {isa = PBXFileReference; lastKnownFileType = sourcecode.c.objc; path = AddressBookUITests.m; sourceTree = "<group>"; };
		C220EB5019470E6700D9796F /* CFMaleTableViewCell.h */ = {isa = PBXFileReference; fileEncoding = 4; lastKnownFileType = sourcecode.c.h; name = CFMaleTableViewCell.h; path = AddressBook/CFMaleTableViewCell.h; sourceTree = "<group>"; };
		C220EB5119470E6700D9796F /* CFMaleTableViewCell.m */ = {isa = PBXFileReference; fileEncoding = 4; lastKnownFileType = sourcecode.c.objc; name = CFMaleTableViewCell.m; path = AddressBook/CFMaleTableViewCell.m; sourceTree = "<group>"; };
		C220EB5319470EEF00D9796F /* CFFemaleTableViewCell.h */ = {isa = PBXFileReference; fileEncoding = 4; lastKnownFileType = sourcecode.c.h; name = CFFemaleTableViewCell.h; path = AddressBook/CFFemaleTableViewCell.h; sourceTree = "<group>"; };
		C220EB5419470EEF00D9796F /* CFFemaleTableViewCell.m */ = {isa = PBXFileReference; fileEncoding = 4; lastKnownFileType = sourcecode.c.objc; name = CFFemaleTableViewCell.m; path = AddressBook/CFFemaleTableViewCell.m; sourceTree = "<group>"; };
		C22FF93819431127004094DD /* CFMainViewController.h */ = {isa = PBXFileReference; fileEncoding = 4; lastKnownFileType = sourcecode.c.h; path = CFMainViewController.h; sourceTree = "<group>"; };
		C22FF93919431127004094DD /* CFMainViewController.m */ = {isa = PBXFileReference; fileEncoding = 4; lastKnownFileType = sourcecode.c.objc; path = CFMainViewController.m; sourceTree = "<group>"; };
		C23F26A41947FAFD005C67B2 /* CFPersonCellInfoView.h */ = {isa = PBXFileReference; fileEncoding = 4; lastKnownFileType = sourcecode.c.h; name = CFPersonCellInfoView.h; path = AddressBook/CFPersonCellInfoView.h; sourceTree = "<group>"; };
		C23F26A51947FAFD005C67B2 /* CFPersonCellInfoView.m */ = {isa = PBXFileReference; fileEncoding = 4; lastKnownFileType = sourcecode.c.objc; name = CFPersonCellInfoView.m; path = AddressBook/CFPersonCellInfoView.m; sourceTree = "<group>"; };
		C281CA2B1941CC0300D61F40 /* addressBookData */ = {isa = PBXFileReference; lastKnownFileType = file.bplist; path = addressBookData; sourceTree = "<group>"; };
		C281CA2D1941CC0300D61F40 /* AddressBookUI-Prefix.pch */ = {isa = PBXFileReference; fileEncoding = 4; lastKnownFileType = sourcecode.c.h; path = "AddressBookUI-Prefix.pch"; sourceTree = "<group>"; };
		C281CA341941CC0300D61F40 /* CFAppDelegate.h */ = {isa = PBXFileReference; fileEncoding = 4; lastKnownFileType = sourcecode.c.h; path = CFAppDelegate.h; sourceTree = "<group>"; };
		C281CA351941CC0300D61F40 /* CFAppDelegate.m */ = {isa = PBXFileReference; fileEncoding = 4; lastKnownFileType = sourcecode.c.objc; path = CFAppDelegate.m; sourceTree = "<group>"; };
		C281CA391941CC0300D61F40 /* en */ = {isa = PBXFileReference; lastKnownFileType = text.plist.strings; name = en; path = en.lproj/InfoPlist.strings; sourceTree = "<group>"; };
		C281CA3A1941CC0300D61F40 /* Images.xcassets */ = {isa = PBXFileReference; lastKnownFileType = folder.assetcatalog; path = Images.xcassets; sourceTree = "<group>"; };
		C281CA3B1941CC0300D61F40 /* main.m */ = {isa = PBXFileReference; fileEncoding = 4; lastKnownFileType = sourcecode.c.objc; path = main.m; sourceTree = "<group>"; };
/* End PBXFileReference section */

/* Begin PBXFrameworksBuildPhase section */
		C217AB8319408CFB0006784A /* Frameworks */ = {
			isa = PBXFrameworksBuildPhase;
			buildActionMask = 2147483647;
			files = (
				C217AB8C19408CFB0006784A /* CoreGraphics.framework in Frameworks */,
				C217AB8E19408CFB0006784A /* UIKit.framework in Frameworks */,
				C217AB8A19408CFB0006784A /* Foundation.framework in Frameworks */,
			);
			runOnlyForDeploymentPostprocessing = 0;
		};
		C217AB9E19408CFB0006784A /* Frameworks */ = {
			isa = PBXFrameworksBuildPhase;
			buildActionMask = 2147483647;
			files = (
				C217ABA319408CFB0006784A /* XCTest.framework in Frameworks */,
				C217ABA519408CFB0006784A /* UIKit.framework in Frameworks */,
				C217ABA419408CFB0006784A /* Foundation.framework in Frameworks */,
			);
			runOnlyForDeploymentPostprocessing = 0;
		};
/* End PBXFrameworksBuildPhase section */

/* Begin PBXGroup section */
		C20FB7D219455C0C0003DB70 /* EditPerson */ = {
			isa = PBXGroup;
			children = (
				C20FB7D319455C2B0003DB70 /* CFEditPersonView.h */,
				C20FB7D419455C2B0003DB70 /* CFEditPersonView.m */,
				C20FB7D619455C400003DB70 /* CFEditPersonViewController.h */,
				C20FB7D719455C400003DB70 /* CFEditPersonViewController.m */,
			);
			name = EditPerson;
			sourceTree = "<group>";
		};
		C216C02A1941F351008DF648 /* Supporting Files */ = {
			isa = PBXGroup;
			children = (
				C212855D19443973004EC639 /* readme.md */,
				C281CA3B1941CC0300D61F40 /* main.m */,
				C281CA2B1941CC0300D61F40 /* addressBookData */,
				C216C0281941F283008DF648 /* AddressBookUI-Info.plist */,
				C281CA381941CC0300D61F40 /* InfoPlist.strings */,
				C281CA3A1941CC0300D61F40 /* Images.xcassets */,
				C281CA2D1941CC0300D61F40 /* AddressBookUI-Prefix.pch */,
			);
			name = "Supporting Files";
			sourceTree = "<group>";
		};
		C216C02B194200CD008DF648 /* img */ = {
			isa = PBXGroup;
			children = (
				C2128569194458BC004EC639 /* default.jpg */,
				C216C04219420EB7008DF648 /* 拜勒岗·鲁伊森邦.png */,
				C216C04319420EB7008DF648 /* 蒂雅·赫丽贝尔.png */,
				C216C04419420EB7008DF648 /* 葛力姆乔·贾卡杰克.png */,
				C216C04519420EB7008DF648 /* 柯雅泰·史塔克.png */,
				C216C04619420EB7008DF648 /* 妮莉艾露·杜·欧德修凡克.png */,
				C216C04719420EB7008DF648 /* 诺伊特拉·吉尔加.png */,
				C216C04819420EB7008DF648 /* 萨尔阿波罗·格兰兹.png */,
				C216C04919420EB7008DF648 /* 乌尔奇奥拉·西法.png */,
				C216C04A19420EB7008DF648 /* 牙密·里亚尔戈.png */,
				C216C04B19420EB7008DF648 /* 亚罗尼洛·艾鲁鲁耶利.png */,
				C216C04C19420EB7008DF648 /* 佐马利·路鲁.png */,
			);
			name = img;
			sourceTree = "<group>";
		};
		C217AB7D19408CFB0006784A = {
			isa = PBXGroup;
			children = (
				C281CA2A1941CC0300D61F40 /* AddressBookUI */,
				C217ABA819408CFB0006784A /* AddressBookUITests */,
				C217AB8819408CFB0006784A /* Frameworks */,
				C217AB8719408CFB0006784A /* Products */,
			);
			sourceTree = "<group>";
			usesTabs = 0;
		};
		C217AB8719408CFB0006784A /* Products */ = {
			isa = PBXGroup;
			children = (
				C217AB8619408CFB0006784A /* AddressBookUI.app */,
				C217ABA119408CFB0006784A /* AddressBookUITests.xctest */,
			);
			name = Products;
			sourceTree = "<group>";
		};
		C217AB8819408CFB0006784A /* Frameworks */ = {
			isa = PBXGroup;
			children = (
				C217AB8919408CFB0006784A /* Foundation.framework */,
				C217AB8B19408CFB0006784A /* CoreGraphics.framework */,
				C217AB8D19408CFB0006784A /* UIKit.framework */,
				C217ABA219408CFB0006784A /* XCTest.framework */,
			);
			name = Frameworks;
			sourceTree = "<group>";
		};
		C217ABA819408CFB0006784A /* AddressBookUITests */ = {
			isa = PBXGroup;
			children = (
				C217ABAE19408CFB0006784A /* AddressBookUITests.m */,
				C217ABA919408CFB0006784A /* Supporting Files */,
			);
			path = AddressBookUITests;
			sourceTree = "<group>";
		};
		C217ABA919408CFB0006784A /* Supporting Files */ = {
			isa = PBXGroup;
			children = (
				C217ABAA19408CFB0006784A /* AddressBookUITests-Info.plist */,
				C217ABAB19408CFB0006784A /* InfoPlist.strings */,
			);
			name = "Supporting Files";
			sourceTree = "<group>";
		};
		C281CA2A1941CC0300D61F40 /* AddressBookUI */ = {
			isa = PBXGroup;
			children = (
				C281CA341941CC0300D61F40 /* CFAppDelegate.h */,
				C281CA351941CC0300D61F40 /* CFAppDelegate.m */,
				C22FF93819431127004094DD /* CFMainViewController.h */,
				C22FF93919431127004094DD /* CFMainViewController.m */,
				C216C05819420ED0008DF648 /* CFAddressBookModel.h */,
				C216C05919420ED0008DF648 /* CFAddressBookModel.m */,
				C216C05E19420ED0008DF648 /* CFPerson.h */,
				C216C05F19420ED0008DF648 /* CFPerson.m */,
				C281CA4D1941CC9800D61F40 /* AddressBook */,
				C20FB7D219455C0C0003DB70 /* EditPerson */,
				C216C02B194200CD008DF648 /* img */,
				C216C02A1941F351008DF648 /* Supporting Files */,
			);
			path = AddressBookUI;
			sourceTree = "<group>";
		};
		C281CA4D1941CC9800D61F40 /* AddressBook */ = {
			isa = PBXGroup;
			children = (
				C216C05A19420ED0008DF648 /* CFAddressBookView.h */,
				C216C05B19420ED0008DF648 /* CFAddressBookView.m */,
				C216C05C19420ED0008DF648 /* CFAddressBookViewController.h */,
				C216C05D19420ED0008DF648 /* CFAddressBookViewController.m */,
				C2149F27194721A80059C623 /* CFPersonTableViewCell.h */,
				C2149F28194721A80059C623 /* CFPersonTableViewCell.m */,
				C23F26A41947FAFD005C67B2 /* CFPersonCellInfoView.h */,
				C23F26A51947FAFD005C67B2 /* CFPersonCellInfoView.m */,
				C220EB5119470E6700D9796F /* CFMaleTableViewCell.m */,
				C220EB5019470E6700D9796F /* CFMaleTableViewCell.h */,
				C220EB5319470EEF00D9796F /* CFFemaleTableViewCell.h */,
				C220EB5419470EEF00D9796F /* CFFemaleTableViewCell.m */,
			);
			name = AddressBook;
			sourceTree = "<group>";
		};
/* End PBXGroup section */

/* Begin PBXNativeTarget section */
		C217AB8519408CFB0006784A /* AddressBookUI */ = {
			isa = PBXNativeTarget;
			buildConfigurationList = C217ABB219408CFB0006784A /* Build configuration list for PBXNativeTarget "AddressBookUI" */;
			buildPhases = (
				C217AB8219408CFB0006784A /* Sources */,
				C217AB8319408CFB0006784A /* Frameworks */,
				C217AB8419408CFB0006784A /* Resources */,
			);
			buildRules = (
			);
			dependencies = (
			);
			name = AddressBookUI;
			productName = AddressBookUI;
			productReference = C217AB8619408CFB0006784A /* AddressBookUI.app */;
			productType = "com.apple.product-type.application";
		};
		C217ABA019408CFB0006784A /* AddressBookUITests */ = {
			isa = PBXNativeTarget;
			buildConfigurationList = C217ABB519408CFB0006784A /* Build configuration list for PBXNativeTarget "AddressBookUITests" */;
			buildPhases = (
				C217AB9D19408CFB0006784A /* Sources */,
				C217AB9E19408CFB0006784A /* Frameworks */,
				C217AB9F19408CFB0006784A /* Resources */,
			);
			buildRules = (
			);
			dependencies = (
				C217ABA719408CFB0006784A /* PBXTargetDependency */,
			);
			name = AddressBookUITests;
			productName = AddressBookUITests;
			productReference = C217ABA119408CFB0006784A /* AddressBookUITests.xctest */;
			productType = "com.apple.product-type.bundle.unit-test";
		};
/* End PBXNativeTarget section */

/* Begin PBXProject section */
		C217AB7E19408CFB0006784A /* Project object */ = {
			isa = PBXProject;
			attributes = {
				CLASSPREFIX = CF;
				LastUpgradeCheck = 0510;
				ORGANIZATIONNAME = Shadow;
				TargetAttributes = {
					C217ABA019408CFB0006784A = {
						TestTargetID = C217AB8519408CFB0006784A;
					};
				};
			};
			buildConfigurationList = C217AB8119408CFB0006784A /* Build configuration list for PBXProject "AddressBookUI" */;
			compatibilityVersion = "Xcode 3.2";
			developmentRegion = English;
			hasScannedForEncodings = 0;
			knownRegions = (
				en,
			);
			mainGroup = C217AB7D19408CFB0006784A;
			productRefGroup = C217AB8719408CFB0006784A /* Products */;
			projectDirPath = "";
			projectRoot = "";
			targets = (
				C217AB8519408CFB0006784A /* AddressBookUI */,
				C217ABA019408CFB0006784A /* AddressBookUITests */,
			);
		};
/* End PBXProject section */

/* Begin PBXResourcesBuildPhase section */
		C217AB8419408CFB0006784A /* Resources */ = {
			isa = PBXResourcesBuildPhase;
			buildActionMask = 2147483647;
			files = (
				C216C0291941F283008DF648 /* AddressBookUI-Info.plist in Resources */,
				C281CA461941CC0300D61F40 /* Images.xcassets in Resources */,
				C281CA451941CC0300D61F40 /* InfoPlist.strings in Resources */,
				C216C04E19420EB7008DF648 /* 蒂雅·赫丽贝尔.png in Resources */,
				C216C05019420EB7008DF648 /* 柯雅泰·史塔克.png in Resources */,
				C212856A194458BC004EC639 /* default.jpg in Resources */,
				C216C05519420EB7008DF648 /* 牙密·里亚尔戈.png in Resources */,
				C216C05719420EB7008DF648 /* 佐马利·路鲁.png in Resources */,
				C216C05119420EB7008DF648 /* 妮莉艾露·杜·欧德修凡克.png in Resources */,
				C216C05619420EB7008DF648 /* 亚罗尼洛·艾鲁鲁耶利.png in Resources */,
				C216C05219420EB7008DF648 /* 诺伊特拉·吉尔加.png in Resources */,
				C216C05319420EB7008DF648 /* 萨尔阿波罗·格兰兹.png in Resources */,
				C281CA3E1941CC0300D61F40 /* addressBookData in Resources */,
				C216C04F19420EB7008DF648 /* 葛力姆乔·贾卡杰克.png in Resources */,
				C216C05419420EB7008DF648 /* 乌尔奇奥拉·西法.png in Resources */,
				C212855E19443973004EC639 /* readme.md in Resources */,
				C216C04D19420EB7008DF648 /* 拜勒岗·鲁伊森邦.png in Resources */,
			);
			runOnlyForDeploymentPostprocessing = 0;
		};
		C217AB9F19408CFB0006784A /* Resources */ = {
			isa = PBXResourcesBuildPhase;
			buildActionMask = 2147483647;
			files = (
				C217ABAD19408CFB0006784A /* InfoPlist.strings in Resources */,
			);
			runOnlyForDeploymentPostprocessing = 0;
		};
/* End PBXResourcesBuildPhase section */

/* Begin PBXSourcesBuildPhase section */
		C217AB8219408CFB0006784A /* Sources */ = {
			isa = PBXSourcesBuildPhase;
			buildActionMask = 2147483647;
			files = (
				C20FB7D819455C400003DB70 /* CFEditPersonViewController.m in Sources */,
				C220EB5219470E6700D9796F /* CFMaleTableViewCell.m in Sources */,
				C216C06119420ED0008DF648 /* CFAddressBookView.m in Sources */,
				C22FF93A19431127004094DD /* CFMainViewController.m in Sources */,
				C281CA471941CC0300D61F40 /* main.m in Sources */,
				C2149F29194721A80059C623 /* CFPersonTableViewCell.m in Sources */,
				C281CA431941CC0300D61F40 /* CFAppDelegate.m in Sources */,
				C216C06219420ED0008DF648 /* CFAddressBookViewController.m in Sources */,
				C216C06019420ED0008DF648 /* CFAddressBookModel.m in Sources */,
				C23F26A61947FAFD005C67B2 /* CFPersonCellInfoView.m in Sources */,
				C220EB5519470EEF00D9796F /* CFFemaleTableViewCell.m in Sources */,
				C20FB7D519455C2B0003DB70 /* CFEditPersonView.m in Sources */,
				C216C06319420ED0008DF648 /* CFPerson.m in Sources */,
			);
			runOnlyForDeploymentPostprocessing = 0;
		};
		C217AB9D19408CFB0006784A /* Sources */ = {
			isa = PBXSourcesBuildPhase;
			buildActionMask = 2147483647;
			files = (
				C217ABAF19408CFB0006784A /* AddressBookUITests.m in Sources */,
			);
			runOnlyForDeploymentPostprocessing = 0;
		};
/* End PBXSourcesBuildPhase section */

/* Begin PBXTargetDependency section */
		C217ABA719408CFB0006784A /* PBXTargetDependency */ = {
			isa = PBXTargetDependency;
			target = C217AB8519408CFB0006784A /* AddressBookUI */;
			targetProxy = C217ABA619408CFB0006784A /* PBXContainerItemProxy */;
		};
/* End PBXTargetDependency section */

/* Begin PBXVariantGroup section */
		C217ABAB19408CFB0006784A /* InfoPlist.strings */ = {
			isa = PBXVariantGroup;
			children = (
				C217ABAC19408CFB0006784A /* en */,
			);
			name = InfoPlist.strings;
			sourceTree = "<group>";
		};
		C281CA381941CC0300D61F40 /* InfoPlist.strings */ = {
			isa = PBXVariantGroup;
			children = (
				C281CA391941CC0300D61F40 /* en */,
			);
			name = InfoPlist.strings;
			sourceTree = "<group>";
		};
/* End PBXVariantGroup section */

/* Begin XCBuildConfiguration section */
		C217ABB019408CFB0006784A /* Debug */ = {
			isa = XCBuildConfiguration;
			buildSettings = {
				ALWAYS_SEARCH_USER_PATHS = NO;
				CLANG_CXX_LANGUAGE_STANDARD = "gnu++0x";
				CLANG_CXX_LIBRARY = "libc++";
				CLANG_ENABLE_MODULES = YES;
				CLANG_ENABLE_OBJC_ARC = YES;
				CLANG_WARN_BOOL_CONVERSION = YES;
				CLANG_WARN_CONSTANT_CONVERSION = YES;
				CLANG_WARN_DIRECT_OBJC_ISA_USAGE = YES_ERROR;
				CLANG_WARN_EMPTY_BODY = YES;
				CLANG_WARN_ENUM_CONVERSION = YES;
				CLANG_WARN_INT_CONVERSION = YES;
				CLANG_WARN_OBJC_ROOT_CLASS = YES_ERROR;
				CLANG_WARN__DUPLICATE_METHOD_MATCH = YES;
				"CODE_SIGN_IDENTITY[sdk=iphoneos*]" = "iPhone Developer";
				COPY_PHASE_STRIP = NO;
				GCC_C_LANGUAGE_STANDARD = gnu99;
				GCC_DYNAMIC_NO_PIC = NO;
				GCC_OPTIMIZATION_LEVEL = 0;
				GCC_PREPROCESSOR_DEFINITIONS = (
					"DEBUG=1",
					"$(inherited)",
				);
				GCC_SYMBOLS_PRIVATE_EXTERN = NO;
				GCC_WARN_64_TO_32_BIT_CONVERSION = YES;
				GCC_WARN_ABOUT_RETURN_TYPE = YES_ERROR;
				GCC_WARN_UNDECLARED_SELECTOR = YES;
				GCC_WARN_UNINITIALIZED_AUTOS = YES_AGGRESSIVE;
				GCC_WARN_UNUSED_FUNCTION = YES;
				GCC_WARN_UNUSED_VARIABLE = YES;
				IPHONEOS_DEPLOYMENT_TARGET = 7.1;
				ONLY_ACTIVE_ARCH = YES;
				SDKROOT = iphoneos;
				TARGETED_DEVICE_FAMILY = "1,2";
			};
			name = Debug;
		};
		C217ABB119408CFB0006784A /* Release */ = {
			isa = XCBuildConfiguration;
			buildSettings = {
				ALWAYS_SEARCH_USER_PATHS = NO;
				CLANG_CXX_LANGUAGE_STANDARD = "gnu++0x";
				CLANG_CXX_LIBRARY = "libc++";
				CLANG_ENABLE_MODULES = YES;
				CLANG_ENABLE_OBJC_ARC = YES;
				CLANG_WARN_BOOL_CONVERSION = YES;
				CLANG_WARN_CONSTANT_CONVERSION = YES;
				CLANG_WARN_DIRECT_OBJC_ISA_USAGE = YES_ERROR;
				CLANG_WARN_EMPTY_BODY = YES;
				CLANG_WARN_ENUM_CONVERSION = YES;
				CLANG_WARN_INT_CONVERSION = YES;
				CLANG_WARN_OBJC_ROOT_CLASS = YES_ERROR;
				CLANG_WARN__DUPLICATE_METHOD_MATCH = YES;
				"CODE_SIGN_IDENTITY[sdk=iphoneos*]" = "iPhone Developer";
				COPY_PHASE_STRIP = YES;
				ENABLE_NS_ASSERTIONS = NO;
				GCC_C_LANGUAGE_STANDARD = gnu99;
				GCC_WARN_64_TO_32_BIT_CONVERSION = YES;
				GCC_WARN_ABOUT_RETURN_TYPE = YES_ERROR;
				GCC_WARN_UNDECLARED_SELECTOR = YES;
				GCC_WARN_UNINITIALIZED_AUTOS = YES_AGGRESSIVE;
				GCC_WARN_UNUSED_FUNCTION = YES;
				GCC_WARN_UNUSED_VARIABLE = YES;
				IPHONEOS_DEPLOYMENT_TARGET = 7.1;
				SDKROOT = iphoneos;
				TARGETED_DEVICE_FAMILY = "1,2";
				VALIDATE_PRODUCT = YES;
			};
			name = Release;
		};
		C217ABB319408CFB0006784A /* Debug */ = {
			isa = XCBuildConfiguration;
			buildSettings = {
				ASSETCATALOG_COMPILER_APPICON_NAME = AppIcon;
				ASSETCATALOG_COMPILER_LAUNCHIMAGE_NAME = LaunchImage;
				CLANG_ENABLE_OBJC_ARC = NO;
				GCC_PRECOMPILE_PREFIX_HEADER = YES;
				GCC_PREFIX_HEADER = "AddressBookUI/AddressBookUI-Prefix.pch";
				INFOPLIST_FILE = "AddressBookUI/AddressBookUI-Info.plist";
				PRODUCT_NAME = "$(TARGET_NAME)";
				WRAPPER_EXTENSION = app;
			};
			name = Debug;
		};
		C217ABB419408CFB0006784A /* Release */ = {
			isa = XCBuildConfiguration;
			buildSettings = {
				ASSETCATALOG_COMPILER_APPICON_NAME = AppIcon;
				ASSETCATALOG_COMPILER_LAUNCHIMAGE_NAME = LaunchImage;
				CLANG_ENABLE_OBJC_ARC = NO;
				GCC_PRECOMPILE_PREFIX_HEADER = YES;
				GCC_PREFIX_HEADER = "AddressBookUI/AddressBookUI-Prefix.pch";
				INFOPLIST_FILE = "AddressBookUI/AddressBookUI-Info.plist";
				PRODUCT_NAME = "$(TARGET_NAME)";
				WRAPPER_EXTENSION = app;
			};
			name = Release;
		};
		C217ABB619408CFB0006784A /* Debug */ = {
			isa = XCBuildConfiguration;
			buildSettings = {
				BUNDLE_LOADER = "$(BUILT_PRODUCTS_DIR)/AddressBookUI.app/AddressBookUI";
				FRAMEWORK_SEARCH_PATHS = (
					"$(SDKROOT)/Developer/Library/Frameworks",
					"$(inherited)",
					"$(DEVELOPER_FRAMEWORKS_DIR)",
				);
				GCC_PRECOMPILE_PREFIX_HEADER = YES;
				GCC_PREFIX_HEADER = "AddressBookUI/AddressBookUI-Prefix.pch";
				GCC_PREPROCESSOR_DEFINITIONS = (
					"DEBUG=1",
					"$(inherited)",
				);
				INFOPLIST_FILE = "AddressBookUITests/AddressBookUITests-Info.plist";
				PRODUCT_NAME = "$(TARGET_NAME)";
				TEST_HOST = "$(BUNDLE_LOADER)";
				WRAPPER_EXTENSION = xctest;
			};
			name = Debug;
		};
		C217ABB719408CFB0006784A /* Release */ = {
			isa = XCBuildConfiguration;
			buildSettings = {
				BUNDLE_LOADER = "$(BUILT_PRODUCTS_DIR)/AddressBookUI.app/AddressBookUI";
				FRAMEWORK_SEARCH_PATHS = (
					"$(SDKROOT)/Developer/Library/Frameworks",
					"$(inherited)",
					"$(DEVELOPER_FRAMEWORKS_DIR)",
				);
				GCC_PRECOMPILE_PREFIX_HEADER = YES;
				GCC_PREFIX_HEADER = "AddressBookUI/AddressBookUI-Prefix.pch";
				INFOPLIST_FILE = "AddressBookUITests/AddressBookUITests-Info.plist";
				PRODUCT_NAME = "$(TARGET_NAME)";
				TEST_HOST = "$(BUNDLE_LOADER)";
				WRAPPER_EXTENSION = xctest;
			};
			name = Release;
		};
/* End XCBuildConfiguration section */

/* Begin XCConfigurationList section */
		C217AB8119408CFB0006784A /* Build configuration list for PBXProject "AddressBookUI" */ = {
			isa = XCConfigurationList;
			buildConfigurations = (
				C217ABB019408CFB0006784A /* Debug */,
				C217ABB119408CFB0006784A /* Release */,
			);
			defaultConfigurationIsVisible = 0;
			defaultConfigurationName = Release;
		};
		C217ABB219408CFB0006784A /* Build configuration list for PBXNativeTarget "AddressBookUI" */ = {
			isa = XCConfigurationList;
			buildConfigurations = (
				C217ABB319408CFB0006784A /* Debug */,
				C217ABB419408CFB0006784A /* Release */,
			);
			defaultConfigurationIsVisible = 0;
			defaultConfigurationName = Release;
		};
		C217ABB519408CFB0006784A /* Build configuration list for PBXNativeTarget "AddressBookUITests" */ = {
			isa = XCConfigurationList;
			buildConfigurations = (
				C217ABB619408CFB0006784A /* Debug */,
				C217ABB719408CFB0006784A /* Release */,
			);
			defaultConfigurationIsVisible = 0;
			defaultConfigurationName = Release;
		};
/* End XCConfigurationList section */
	};
	rootObject = C217AB7E19408CFB0006784A /* Project object */;
}
