// !$*UTF8*$!
{
	archiveVersion = 1;
	classes = {
	};
	objectVersion = 46;
	objects = {

/* Begin PBXBuildFile section */
		C212855E19443973004EC639 /* readme.md in Resources */ = {isa = PBXBuildFile; fileRef = C212855D19443973004EC639 /* readme.md */; };
		C2131AB81952DDB2009ED1B0 /* AddressBook.db in Resources */ = {isa = PBXBuildFile; fileRef = C2131AB71952DDB2009ED1B0 /* AddressBook.db */; };
		C2131ABA1952E515009ED1B0 /* LICENSE.txt in Resources */ = {isa = PBXBuildFile; fileRef = C2131AB91952E515009ED1B0 /* LICENSE.txt */; };
		C21528A61952687D00A2EA3F /* FMDatabase.m in Sources */ = {isa = PBXBuildFile; fileRef = C215289C1952687D00A2EA3F /* FMDatabase.m */; };
		C21528A71952687D00A2EA3F /* FMDatabaseAdditions.m in Sources */ = {isa = PBXBuildFile; fileRef = C215289E1952687D00A2EA3F /* FMDatabaseAdditions.m */; };
		C21528A81952687D00A2EA3F /* FMDatabasePool.m in Sources */ = {isa = PBXBuildFile; fileRef = C21528A01952687D00A2EA3F /* FMDatabasePool.m */; };
		C21528A91952687D00A2EA3F /* FMDatabaseQueue.m in Sources */ = {isa = PBXBuildFile; fileRef = C21528A21952687D00A2EA3F /* FMDatabaseQueue.m */; };
		C21528AA1952687D00A2EA3F /* FMResultSet.m in Sources */ = {isa = PBXBuildFile; fileRef = C21528A51952687D00A2EA3F /* FMResultSet.m */; };
		C21528AC1952689A00A2EA3F /* libsqlite3.0.dylib in Frameworks */ = {isa = PBXBuildFile; fileRef = C21528AB1952689A00A2EA3F /* libsqlite3.0.dylib */; };
		C21528AF19526C4D00A2EA3F /* CFPerson.m in Sources */ = {isa = PBXBuildFile; fileRef = C21528AE19526C4D00A2EA3F /* CFPerson.m */; };
		C21528B119527C7900A2EA3F /* README.markdown in Resources */ = {isa = PBXBuildFile; fileRef = C21528B019527C7900A2EA3F /* README.markdown */; };
		C2167B111951DD6E00F2EAE4 /* CFAppDelegate.m in Sources */ = {isa = PBXBuildFile; fileRef = C2167AD21951DD6E00F2EAE4 /* CFAppDelegate.m */; };
		C2167B121951DD6E00F2EAE4 /* CFMainController.m in Sources */ = {isa = PBXBuildFile; fileRef = C2167AD51951DD6E00F2EAE4 /* CFMainController.m */; };
		C2167B131951DD6E00F2EAE4 /* CFAddressBookModel.m in Sources */ = {isa = PBXBuildFile; fileRef = C2167AD91951DD6E00F2EAE4 /* CFAddressBookModel.m */; };
		C2167B141951DD6E00F2EAE4 /* LICENSE in Resources */ = {isa = PBXBuildFile; fileRef = C2167ADC1951DD6E00F2EAE4 /* LICENSE */; };
		C2167B151951DD6E00F2EAE4 /* README.md in Resources */ = {isa = PBXBuildFile; fileRef = C2167ADD1951DD6E00F2EAE4 /* README.md */; };
		C2167B161951DD6E00F2EAE4 /* RIButtonItem.m in Sources */ = {isa = PBXBuildFile; fileRef = C2167ADF1951DD6E00F2EAE4 /* RIButtonItem.m */; };
		C2167B171951DD6E00F2EAE4 /* UIActionSheet+Blocks.m in Sources */ = {isa = PBXBuildFile; fileRef = C2167AE11951DD6E00F2EAE4 /* UIActionSheet+Blocks.m */; };
		C2167B181951DD6E00F2EAE4 /* UIAlertView+Blocks.m in Sources */ = {isa = PBXBuildFile; fileRef = C2167AE31951DD6E00F2EAE4 /* UIAlertView+Blocks.m */; };
		C2167B191951DD6E00F2EAE4 /* UIAlertView-Blocks.podspec in Resources */ = {isa = PBXBuildFile; fileRef = C2167AE41951DD6E00F2EAE4 /* UIAlertView-Blocks.podspec */; };
		C2167B1A1951DD6E00F2EAE4 /* UIImage+AssetUrl.m in Sources */ = {isa = PBXBuildFile; fileRef = C2167AE71951DD6E00F2EAE4 /* UIImage+AssetUrl.m */; };
		C2167B1B1951DD6E00F2EAE4 /* CFAddressBookView.m in Sources */ = {isa = PBXBuildFile; fileRef = C2167AEB1951DD6E00F2EAE4 /* CFAddressBookView.m */; };
		C2167B1C1951DD6E00F2EAE4 /* CFAddressBookViewController.m in Sources */ = {isa = PBXBuildFile; fileRef = C2167AED1951DD6E00F2EAE4 /* CFAddressBookViewController.m */; };
		C2167B1D1951DD6E00F2EAE4 /* CFFemaleTableViewCell.m in Sources */ = {isa = PBXBuildFile; fileRef = C2167AEF1951DD6E00F2EAE4 /* CFFemaleTableViewCell.m */; };
		C2167B1E1951DD6E00F2EAE4 /* CFMaleTableViewCell.m in Sources */ = {isa = PBXBuildFile; fileRef = C2167AF11951DD6E00F2EAE4 /* CFMaleTableViewCell.m */; };
		C2167B201951DD6E00F2EAE4 /* CFPersonCellInfoView.m in Sources */ = {isa = PBXBuildFile; fileRef = C2167AF51951DD6E00F2EAE4 /* CFPersonCellInfoView.m */; };
		C2167B211951DD6E00F2EAE4 /* CFPersonTableViewCell.m in Sources */ = {isa = PBXBuildFile; fileRef = C2167AF71951DD6E00F2EAE4 /* CFPersonTableViewCell.m */; };
		C2167B221951DD6E00F2EAE4 /* CFAvatarView.m in Sources */ = {isa = PBXBuildFile; fileRef = C2167AFA1951DD6E00F2EAE4 /* CFAvatarView.m */; };
		C2167B231951DD6F00F2EAE4 /* CFEditPersonView.m in Sources */ = {isa = PBXBuildFile; fileRef = C2167AFC1951DD6E00F2EAE4 /* CFEditPersonView.m */; };
		C2167B241951DD6F00F2EAE4 /* CFEditPersonViewController.m in Sources */ = {isa = PBXBuildFile; fileRef = C2167AFE1951DD6E00F2EAE4 /* CFEditPersonViewController.m */; };
		C2167B251951DD6F00F2EAE4 /* NSString+IsAllNumbers.m in Sources */ = {isa = PBXBuildFile; fileRef = C2167B011951DD6E00F2EAE4 /* NSString+IsAllNumbers.m */; };
		C2167B261951DD6F00F2EAE4 /* addressBookData in Resources */ = {isa = PBXBuildFile; fileRef = C2167B031951DD6E00F2EAE4 /* addressBookData */; };
		C2167B271951DD6F00F2EAE4 /* default.jpg in Resources */ = {isa = PBXBuildFile; fileRef = C2167B051951DD6E00F2EAE4 /* default.jpg */; };
		C2167B281951DD6F00F2EAE4 /* 乌尔奇奥拉·西法.png in Resources */ = {isa = PBXBuildFile; fileRef = C2167B061951DD6E00F2EAE4 /* 乌尔奇奥拉·西法.png */; };
		C2167B291951DD6F00F2EAE4 /* 亚罗尼洛·艾鲁鲁耶利.png in Resources */ = {isa = PBXBuildFile; fileRef = C2167B071951DD6E00F2EAE4 /* 亚罗尼洛·艾鲁鲁耶利.png */; };
		C2167B2A1951DD6F00F2EAE4 /* 佐马利·路鲁.png in Resources */ = {isa = PBXBuildFile; fileRef = C2167B081951DD6E00F2EAE4 /* 佐马利·路鲁.png */; };
		C2167B2B1951DD6F00F2EAE4 /* 妮莉艾露·杜·欧德修凡克.png in Resources */ = {isa = PBXBuildFile; fileRef = C2167B091951DD6E00F2EAE4 /* 妮莉艾露·杜·欧德修凡克.png */; };
		C2167B2C1951DD6F00F2EAE4 /* 拜勒岗·鲁伊森邦.png in Resources */ = {isa = PBXBuildFile; fileRef = C2167B0A1951DD6E00F2EAE4 /* 拜勒岗·鲁伊森邦.png */; };
		C2167B2D1951DD6F00F2EAE4 /* 柯雅泰·史塔克.png in Resources */ = {isa = PBXBuildFile; fileRef = C2167B0B1951DD6E00F2EAE4 /* 柯雅泰·史塔克.png */; };
		C2167B2E1951DD6F00F2EAE4 /* 牙密·里亚尔戈.png in Resources */ = {isa = PBXBuildFile; fileRef = C2167B0C1951DD6E00F2EAE4 /* 牙密·里亚尔戈.png */; };
		C2167B2F1951DD6F00F2EAE4 /* 萨尔阿波罗·格兰兹.png in Resources */ = {isa = PBXBuildFile; fileRef = C2167B0D1951DD6E00F2EAE4 /* 萨尔阿波罗·格兰兹.png */; };
		C2167B301951DD6F00F2EAE4 /* 葛力姆乔·贾卡杰克.png in Resources */ = {isa = PBXBuildFile; fileRef = C2167B0E1951DD6E00F2EAE4 /* 葛力姆乔·贾卡杰克.png */; };
		C2167B311951DD6F00F2EAE4 /* 蒂雅·赫丽贝尔.png in Resources */ = {isa = PBXBuildFile; fileRef = C2167B0F1951DD6E00F2EAE4 /* 蒂雅·赫丽贝尔.png */; };
		C2167B321951DD6F00F2EAE4 /* 诺伊特拉·吉尔加.png in Resources */ = {isa = PBXBuildFile; fileRef = C2167B101951DD6E00F2EAE4 /* 诺伊特拉·吉尔加.png */; };
		C217AB8A19408CFB0006784A /* Foundation.framework in Frameworks */ = {isa = PBXBuildFile; fileRef = C217AB8919408CFB0006784A /* Foundation.framework */; };
		C217AB8C19408CFB0006784A /* CoreGraphics.framework in Frameworks */ = {isa = PBXBuildFile; fileRef = C217AB8B19408CFB0006784A /* CoreGraphics.framework */; };
		C217AB8E19408CFB0006784A /* UIKit.framework in Frameworks */ = {isa = PBXBuildFile; fileRef = C217AB8D19408CFB0006784A /* UIKit.framework */; };
		C217ABA319408CFB0006784A /* XCTest.framework in Frameworks */ = {isa = PBXBuildFile; fileRef = C217ABA219408CFB0006784A /* XCTest.framework */; };
		C217ABA419408CFB0006784A /* Foundation.framework in Frameworks */ = {isa = PBXBuildFile; fileRef = C217AB8919408CFB0006784A /* Foundation.framework */; };
		C217ABA519408CFB0006784A /* UIKit.framework in Frameworks */ = {isa = PBXBuildFile; fileRef = C217AB8D19408CFB0006784A /* UIKit.framework */; };
		C217ABAD19408CFB0006784A /* InfoPlist.strings in Resources */ = {isa = PBXBuildFile; fileRef = C217ABAB19408CFB0006784A /* InfoPlist.strings */; };
		C217ABAF19408CFB0006784A /* AddressBookUITests.m in Sources */ = {isa = PBXBuildFile; fileRef = C217ABAE19408CFB0006784A /* AddressBookUITests.m */; };
		C21CC925194A9C08003E8808 /* AssetsLibrary.framework in Frameworks */ = {isa = PBXBuildFile; fileRef = C21CC924194A9C08003E8808 /* AssetsLibrary.framework */; };
		C281CA451941CC0300D61F40 /* InfoPlist.strings in Resources */ = {isa = PBXBuildFile; fileRef = C281CA381941CC0300D61F40 /* InfoPlist.strings */; };
		C281CA461941CC0300D61F40 /* Images.xcassets in Resources */ = {isa = PBXBuildFile; fileRef = C281CA3A1941CC0300D61F40 /* Images.xcassets */; };
		C281CA471941CC0300D61F40 /* main.m in Sources */ = {isa = PBXBuildFile; fileRef = C281CA3B1941CC0300D61F40 /* main.m */; };
/* End PBXBuildFile section */

/* Begin PBXContainerItemProxy section */
		C217ABA619408CFB0006784A /* PBXContainerItemProxy */ = {
			isa = PBXContainerItemProxy;
			containerPortal = C217AB7E19408CFB0006784A /* Project object */;
			proxyType = 1;
			remoteGlobalIDString = C217AB8519408CFB0006784A;
			remoteInfo = AddressBookUI;
		};
/* End PBXContainerItemProxy section */

/* Begin PBXFileReference section */
		C212855D19443973004EC639 /* readme.md */ = {isa = PBXFileReference; fileEncoding = 4; lastKnownFileType = text; path = readme.md; sourceTree = SOURCE_ROOT; };
		C2131AB71952DDB2009ED1B0 /* AddressBook.db */ = {isa = PBXFileReference; lastKnownFileType = file; path = AddressBook.db; sourceTree = "<group>"; };
		C2131AB91952E515009ED1B0 /* LICENSE.txt */ = {isa = PBXFileReference; fileEncoding = 4; lastKnownFileType = text; path = LICENSE.txt; sourceTree = "<group>"; };
		C215289B1952687D00A2EA3F /* FMDatabase.h */ = {isa = PBXFileReference; fileEncoding = 4; lastKnownFileType = sourcecode.c.h; path = FMDatabase.h; sourceTree = "<group>"; };
		C215289C1952687D00A2EA3F /* FMDatabase.m */ = {isa = PBXFileReference; fileEncoding = 4; lastKnownFileType = sourcecode.c.objc; path = FMDatabase.m; sourceTree = "<group>"; };
		C215289D1952687D00A2EA3F /* FMDatabaseAdditions.h */ = {isa = PBXFileReference; fileEncoding = 4; lastKnownFileType = sourcecode.c.h; path = FMDatabaseAdditions.h; sourceTree = "<group>"; };
		C215289E1952687D00A2EA3F /* FMDatabaseAdditions.m */ = {isa = PBXFileReference; fileEncoding = 4; lastKnownFileType = sourcecode.c.objc; path = FMDatabaseAdditions.m; sourceTree = "<group>"; };
		C215289F1952687D00A2EA3F /* FMDatabasePool.h */ = {isa = PBXFileReference; fileEncoding = 4; lastKnownFileType = sourcecode.c.h; path = FMDatabasePool.h; sourceTree = "<group>"; };
		C21528A01952687D00A2EA3F /* FMDatabasePool.m */ = {isa = PBXFileReference; fileEncoding = 4; lastKnownFileType = sourcecode.c.objc; path = FMDatabasePool.m; sourceTree = "<group>"; };
		C21528A11952687D00A2EA3F /* FMDatabaseQueue.h */ = {isa = PBXFileReference; fileEncoding = 4; lastKnownFileType = sourcecode.c.h; path = FMDatabaseQueue.h; sourceTree = "<group>"; };
		C21528A21952687D00A2EA3F /* FMDatabaseQueue.m */ = {isa = PBXFileReference; fileEncoding = 4; lastKnownFileType = sourcecode.c.objc; path = FMDatabaseQueue.m; sourceTree = "<group>"; };
		C21528A31952687D00A2EA3F /* FMDB.h */ = {isa = PBXFileReference; fileEncoding = 4; lastKnownFileType = sourcecode.c.h; path = FMDB.h; sourceTree = "<group>"; };
		C21528A41952687D00A2EA3F /* FMResultSet.h */ = {isa = PBXFileReference; fileEncoding = 4; lastKnownFileType = sourcecode.c.h; path = FMResultSet.h; sourceTree = "<group>"; };
		C21528A51952687D00A2EA3F /* FMResultSet.m */ = {isa = PBXFileReference; fileEncoding = 4; lastKnownFileType = sourcecode.c.objc; path = FMResultSet.m; sourceTree = "<group>"; };
		C21528AB1952689A00A2EA3F /* libsqlite3.0.dylib */ = {isa = PBXFileReference; lastKnownFileType = "compiled.mach-o.dylib"; name = libsqlite3.0.dylib; path = usr/lib/libsqlite3.0.dylib; sourceTree = SDKROOT; };
		C21528AD19526C4D00A2EA3F /* CFPerson.h */ = {isa = PBXFileReference; fileEncoding = 4; lastKnownFileType = sourcecode.c.h; path = CFPerson.h; sourceTree = "<group>"; };
		C21528AE19526C4D00A2EA3F /* CFPerson.m */ = {isa = PBXFileReference; fileEncoding = 4; lastKnownFileType = sourcecode.c.objc; path = CFPerson.m; sourceTree = "<group>"; };
		C21528B019527C7900A2EA3F /* README.markdown */ = {isa = PBXFileReference; fileEncoding = 4; lastKnownFileType = text; path = README.markdown; sourceTree = "<group>"; };
		C2167AD11951DD6E00F2EAE4 /* CFAppDelegate.h */ = {isa = PBXFileReference; fileEncoding = 4; lastKnownFileType = sourcecode.c.h; path = CFAppDelegate.h; sourceTree = "<group>"; };
		C2167AD21951DD6E00F2EAE4 /* CFAppDelegate.m */ = {isa = PBXFileReference; fileEncoding = 4; lastKnownFileType = sourcecode.c.objc; path = CFAppDelegate.m; sourceTree = "<group>"; };
		C2167AD41951DD6E00F2EAE4 /* CFMainController.h */ = {isa = PBXFileReference; fileEncoding = 4; lastKnownFileType = sourcecode.c.h; path = CFMainController.h; sourceTree = "<group>"; };
		C2167AD51951DD6E00F2EAE4 /* CFMainController.m */ = {isa = PBXFileReference; fileEncoding = 4; lastKnownFileType = sourcecode.c.objc; path = CFMainController.m; sourceTree = "<group>"; };
		C2167AD81951DD6E00F2EAE4 /* CFAddressBookModel.h */ = {isa = PBXFileReference; fileEncoding = 4; lastKnownFileType = sourcecode.c.h; path = CFAddressBookModel.h; sourceTree = "<group>"; };
		C2167AD91951DD6E00F2EAE4 /* CFAddressBookModel.m */ = {isa = PBXFileReference; fileEncoding = 4; lastKnownFileType = sourcecode.c.objc; path = CFAddressBookModel.m; sourceTree = "<group>"; };
		C2167ADC1951DD6E00F2EAE4 /* LICENSE */ = {isa = PBXFileReference; fileEncoding = 4; lastKnownFileType = text; path = LICENSE; sourceTree = "<group>"; };
		C2167ADD1951DD6E00F2EAE4 /* README.md */ = {isa = PBXFileReference; fileEncoding = 4; lastKnownFileType = text; path = README.md; sourceTree = "<group>"; };
		C2167ADE1951DD6E00F2EAE4 /* RIButtonItem.h */ = {isa = PBXFileReference; fileEncoding = 4; lastKnownFileType = sourcecode.c.h; path = RIButtonItem.h; sourceTree = "<group>"; };
		C2167ADF1951DD6E00F2EAE4 /* RIButtonItem.m */ = {isa = PBXFileReference; fileEncoding = 4; lastKnownFileType = sourcecode.c.objc; path = RIButtonItem.m; sourceTree = "<group>"; };
		C2167AE01951DD6E00F2EAE4 /* UIActionSheet+Blocks.h */ = {isa = PBXFileReference; fileEncoding = 4; lastKnownFileType = sourcecode.c.h; path = "UIActionSheet+Blocks.h"; sourceTree = "<group>"; };
		C2167AE11951DD6E00F2EAE4 /* UIActionSheet+Blocks.m */ = {isa = PBXFileReference; fileEncoding = 4; lastKnownFileType = sourcecode.c.objc; path = "UIActionSheet+Blocks.m"; sourceTree = "<group>"; };
		C2167AE21951DD6E00F2EAE4 /* UIAlertView+Blocks.h */ = {isa = PBXFileReference; fileEncoding = 4; lastKnownFileType = sourcecode.c.h; path = "UIAlertView+Blocks.h"; sourceTree = "<group>"; };
		C2167AE31951DD6E00F2EAE4 /* UIAlertView+Blocks.m */ = {isa = PBXFileReference; fileEncoding = 4; lastKnownFileType = sourcecode.c.objc; path = "UIAlertView+Blocks.m"; sourceTree = "<group>"; };
		C2167AE41951DD6E00F2EAE4 /* UIAlertView-Blocks.podspec */ = {isa = PBXFileReference; fileEncoding = 4; lastKnownFileType = text; path = "UIAlertView-Blocks.podspec"; sourceTree = "<group>"; };
		C2167AE61951DD6E00F2EAE4 /* UIImage+AssetUrl.h */ = {isa = PBXFileReference; fileEncoding = 4; lastKnownFileType = sourcecode.c.h; path = "UIImage+AssetUrl.h"; sourceTree = "<group>"; };
		C2167AE71951DD6E00F2EAE4 /* UIImage+AssetUrl.m */ = {isa = PBXFileReference; fileEncoding = 4; lastKnownFileType = sourcecode.c.objc; path = "UIImage+AssetUrl.m"; sourceTree = "<group>"; };
		C2167AEA1951DD6E00F2EAE4 /* CFAddressBookView.h */ = {isa = PBXFileReference; fileEncoding = 4; lastKnownFileType = sourcecode.c.h; path = CFAddressBookView.h; sourceTree = "<group>"; };
		C2167AEB1951DD6E00F2EAE4 /* CFAddressBookView.m */ = {isa = PBXFileReference; fileEncoding = 4; lastKnownFileType = sourcecode.c.objc; path = CFAddressBookView.m; sourceTree = "<group>"; };
		C2167AEC1951DD6E00F2EAE4 /* CFAddressBookViewController.h */ = {isa = PBXFileReference; fileEncoding = 4; lastKnownFileType = sourcecode.c.h; path = CFAddressBookViewController.h; sourceTree = "<group>"; };
		C2167AED1951DD6E00F2EAE4 /* CFAddressBookViewController.m */ = {isa = PBXFileReference; fileEncoding = 4; lastKnownFileType = sourcecode.c.objc; path = CFAddressBookViewController.m; sourceTree = "<group>"; };
		C2167AEE1951DD6E00F2EAE4 /* CFFemaleTableViewCell.h */ = {isa = PBXFileReference; fileEncoding = 4; lastKnownFileType = sourcecode.c.h; path = CFFemaleTableViewCell.h; sourceTree = "<group>"; };
		C2167AEF1951DD6E00F2EAE4 /* CFFemaleTableViewCell.m */ = {isa = PBXFileReference; fileEncoding = 4; lastKnownFileType = sourcecode.c.objc; path = CFFemaleTableViewCell.m; sourceTree = "<group>"; };
		C2167AF01951DD6E00F2EAE4 /* CFMaleTableViewCell.h */ = {isa = PBXFileReference; fileEncoding = 4; lastKnownFileType = sourcecode.c.h; path = CFMaleTableViewCell.h; sourceTree = "<group>"; };
		C2167AF11951DD6E00F2EAE4 /* CFMaleTableViewCell.m */ = {isa = PBXFileReference; fileEncoding = 4; lastKnownFileType = sourcecode.c.objc; path = CFMaleTableViewCell.m; sourceTree = "<group>"; };
		C2167AF41951DD6E00F2EAE4 /* CFPersonCellInfoView.h */ = {isa = PBXFileReference; fileEncoding = 4; lastKnownFileType = sourcecode.c.h; path = CFPersonCellInfoView.h; sourceTree = "<group>"; };
		C2167AF51951DD6E00F2EAE4 /* CFPersonCellInfoView.m */ = {isa = PBXFileReference; fileEncoding = 4; lastKnownFileType = sourcecode.c.objc; path = CFPersonCellInfoView.m; sourceTree = "<group>"; };
		C2167AF61951DD6E00F2EAE4 /* CFPersonTableViewCell.h */ = {isa = PBXFileReference; fileEncoding = 4; lastKnownFileType = sourcecode.c.h; path = CFPersonTableViewCell.h; sourceTree = "<group>"; };
		C2167AF71951DD6E00F2EAE4 /* CFPersonTableViewCell.m */ = {isa = PBXFileReference; fileEncoding = 4; lastKnownFileType = sourcecode.c.objc; path = CFPersonTableViewCell.m; sourceTree = "<group>"; };
		C2167AF91951DD6E00F2EAE4 /* CFAvatarView.h */ = {isa = PBXFileReference; fileEncoding = 4; lastKnownFileType = sourcecode.c.h; path = CFAvatarView.h; sourceTree = "<group>"; };
		C2167AFA1951DD6E00F2EAE4 /* CFAvatarView.m */ = {isa = PBXFileReference; fileEncoding = 4; lastKnownFileType = sourcecode.c.objc; path = CFAvatarView.m; sourceTree = "<group>"; };
		C2167AFB1951DD6E00F2EAE4 /* CFEditPersonView.h */ = {isa = PBXFileReference; fileEncoding = 4; lastKnownFileType = sourcecode.c.h; path = CFEditPersonView.h; sourceTree = "<group>"; };
		C2167AFC1951DD6E00F2EAE4 /* CFEditPersonView.m */ = {isa = PBXFileReference; fileEncoding = 4; lastKnownFileType = sourcecode.c.objc; path = CFEditPersonView.m; sourceTree = "<group>"; };
		C2167AFD1951DD6E00F2EAE4 /* CFEditPersonViewController.h */ = {isa = PBXFileReference; fileEncoding = 4; lastKnownFileType = sourcecode.c.h; path = CFEditPersonViewController.h; sourceTree = "<group>"; };
		C2167AFE1951DD6E00F2EAE4 /* CFEditPersonViewController.m */ = {isa = PBXFileReference; fileEncoding = 4; lastKnownFileType = sourcecode.c.objc; path = CFEditPersonViewController.m; sourceTree = "<group>"; };
		C2167B001951DD6E00F2EAE4 /* NSString+IsAllNumbers.h */ = {isa = PBXFileReference; fileEncoding = 4; lastKnownFileType = sourcecode.c.h; path = "NSString+IsAllNumbers.h"; sourceTree = "<group>"; };
		C2167B011951DD6E00F2EAE4 /* NSString+IsAllNumbers.m */ = {isa = PBXFileReference; fileEncoding = 4; lastKnownFileType = sourcecode.c.objc; path = "NSString+IsAllNumbers.m"; sourceTree = "<group>"; };
		C2167B031951DD6E00F2EAE4 /* addressBookData */ = {isa = PBXFileReference; lastKnownFileType = file.bplist; path = addressBookData; sourceTree = "<group>"; };
		C2167B051951DD6E00F2EAE4 /* default.jpg */ = {isa = PBXFileReference; lastKnownFileType = image.jpeg; path = default.jpg; sourceTree = "<group>"; };
		C2167B061951DD6E00F2EAE4 /* 乌尔奇奥拉·西法.png */ = {isa = PBXFileReference; lastKnownFileType = image.png; path = "乌尔奇奥拉·西法.png"; sourceTree = "<group>"; };
		C2167B071951DD6E00F2EAE4 /* 亚罗尼洛·艾鲁鲁耶利.png */ = {isa = PBXFileReference; lastKnownFileType = image.png; path = "亚罗尼洛·艾鲁鲁耶利.png"; sourceTree = "<group>"; };
		C2167B081951DD6E00F2EAE4 /* 佐马利·路鲁.png */ = {isa = PBXFileReference; lastKnownFileType = image.png; path = "佐马利·路鲁.png"; sourceTree = "<group>"; };
		C2167B091951DD6E00F2EAE4 /* 妮莉艾露·杜·欧德修凡克.png */ = {isa = PBXFileReference; lastKnownFileType = image.png; path = "妮莉艾露·杜·欧德修凡克.png"; sourceTree = "<group>"; };
		C2167B0A1951DD6E00F2EAE4 /* 拜勒岗·鲁伊森邦.png */ = {isa = PBXFileReference; lastKnownFileType = image.png; path = "拜勒岗·鲁伊森邦.png"; sourceTree = "<group>"; };
		C2167B0B1951DD6E00F2EAE4 /* 柯雅泰·史塔克.png */ = {isa = PBXFileReference; lastKnownFileType = image.png; path = "柯雅泰·史塔克.png"; sourceTree = "<group>"; };
		C2167B0C1951DD6E00F2EAE4 /* 牙密·里亚尔戈.png */ = {isa = PBXFileReference; lastKnownFileType = image.png; path = "牙密·里亚尔戈.png"; sourceTree = "<group>"; };
		C2167B0D1951DD6E00F2EAE4 /* 萨尔阿波罗·格兰兹.png */ = {isa = PBXFileReference; lastKnownFileType = image.png; path = "萨尔阿波罗·格兰兹.png"; sourceTree = "<group>"; };
		C2167B0E1951DD6E00F2EAE4 /* 葛力姆乔·贾卡杰克.png */ = {isa = PBXFileReference; lastKnownFileType = image.png; path = "葛力姆乔·贾卡杰克.png"; sourceTree = "<group>"; };
		C2167B0F1951DD6E00F2EAE4 /* 蒂雅·赫丽贝尔.png */ = {isa = PBXFileReference; lastKnownFileType = image.png; path = "蒂雅·赫丽贝尔.png"; sourceTree = "<group>"; };
		C2167B101951DD6E00F2EAE4 /* 诺伊特拉·吉尔加.png */ = {isa = PBXFileReference; lastKnownFileType = image.png; path = "诺伊特拉·吉尔加.png"; sourceTree = "<group>"; };
		C217AB8619408CFB0006784A /* AddressBookUI.app */ = {isa = PBXFileReference; explicitFileType = wrapper.application; includeInIndex = 0; path = AddressBookUI.app; sourceTree = BUILT_PRODUCTS_DIR; };
		C217AB8919408CFB0006784A /* Foundation.framework */ = {isa = PBXFileReference; lastKnownFileType = wrapper.framework; name = Foundation.framework; path = System/Library/Frameworks/Foundation.framework; sourceTree = SDKROOT; };
		C217AB8B19408CFB0006784A /* CoreGraphics.framework */ = {isa = PBXFileReference; lastKnownFileType = wrapper.framework; name = CoreGraphics.framework; path = System/Library/Frameworks/CoreGraphics.framework; sourceTree = SDKROOT; };
		C217AB8D19408CFB0006784A /* UIKit.framework */ = {isa = PBXFileReference; lastKnownFileType = wrapper.framework; name = UIKit.framework; path = System/Library/Frameworks/UIKit.framework; sourceTree = SDKROOT; };
		C217ABA119408CFB0006784A /* AddressBookUITests.xctest */ = {isa = PBXFileReference; explicitFileType = wrapper.cfbundle; includeInIndex = 0; path = AddressBookUITests.xctest; sourceTree = BUILT_PRODUCTS_DIR; };
		C217ABA219408CFB0006784A /* XCTest.framework */ = {isa = PBXFileReference; lastKnownFileType = wrapper.framework; name = XCTest.framework; path = Library/Frameworks/XCTest.framework; sourceTree = DEVELOPER_DIR; };
		C217ABAA19408CFB0006784A /* AddressBookUITests-Info.plist */ = {isa = PBXFileReference; lastKnownFileType = text.plist.xml; path = "AddressBookUITests-Info.plist"; sourceTree = "<group>"; };
		C217ABAC19408CFB0006784A /* en */ = {isa = PBXFileReference; lastKnownFileType = text.plist.strings; name = en; path = en.lproj/InfoPlist.strings; sourceTree = "<group>"; };
		C217ABAE19408CFB0006784A /* AddressBookUITests.m */ = {isa = PBXFileReference; lastKnownFileType = sourcecode.c.objc; path = AddressBookUITests.m; sourceTree = "<group>"; };
		C21CC924194A9C08003E8808 /* AssetsLibrary.framework */ = {isa = PBXFileReference; lastKnownFileType = wrapper.framework; name = AssetsLibrary.framework; path = System/Library/Frameworks/AssetsLibrary.framework; sourceTree = SDKROOT; };
		C281CA2D1941CC0300D61F40 /* AddressBookUI-Prefix.pch */ = {isa = PBXFileReference; fileEncoding = 4; lastKnownFileType = sourcecode.c.h; path = "AddressBookUI-Prefix.pch"; sourceTree = "<group>"; };
		C281CA391941CC0300D61F40 /* en */ = {isa = PBXFileReference; lastKnownFileType = text.plist.strings; name = en; path = en.lproj/InfoPlist.strings; sourceTree = "<group>"; };
		C281CA3A1941CC0300D61F40 /* Images.xcassets */ = {isa = PBXFileReference; lastKnownFileType = folder.assetcatalog; path = Images.xcassets; sourceTree = "<group>"; };
		C281CA3B1941CC0300D61F40 /* main.m */ = {isa = PBXFileReference; fileEncoding = 4; lastKnownFileType = sourcecode.c.objc; path = main.m; sourceTree = "<group>"; };
/* End PBXFileReference section */

/* Begin PBXFrameworksBuildPhase section */
		C217AB8319408CFB0006784A /* Frameworks */ = {
			isa = PBXFrameworksBuildPhase;
			buildActionMask = 2147483647;
			files = (
				C21528AC1952689A00A2EA3F /* libsqlite3.0.dylib in Frameworks */,
				C21CC925194A9C08003E8808 /* AssetsLibrary.framework in Frameworks */,
				C217AB8C19408CFB0006784A /* CoreGraphics.framework in Frameworks */,
				C217AB8E19408CFB0006784A /* UIKit.framework in Frameworks */,
				C217AB8A19408CFB0006784A /* Foundation.framework in Frameworks */,
			);
			runOnlyForDeploymentPostprocessing = 0;
		};
		C217AB9E19408CFB0006784A /* Frameworks */ = {
			isa = PBXFrameworksBuildPhase;
			buildActionMask = 2147483647;
			files = (
				C217ABA319408CFB0006784A /* XCTest.framework in Frameworks */,
				C217ABA519408CFB0006784A /* UIKit.framework in Frameworks */,
				C217ABA419408CFB0006784A /* Foundation.framework in Frameworks */,
			);
			runOnlyForDeploymentPostprocessing = 0;
		};
/* End PBXFrameworksBuildPhase section */

/* Begin PBXGroup section */
		C215289A1952687D00A2EA3F /* fmdb */ = {
			isa = PBXGroup;
			children = (
				C2131AB91952E515009ED1B0 /* LICENSE.txt */,
				C21528B019527C7900A2EA3F /* README.markdown */,
				C215289B1952687D00A2EA3F /* FMDatabase.h */,
				C215289C1952687D00A2EA3F /* FMDatabase.m */,
				C215289D1952687D00A2EA3F /* FMDatabaseAdditions.h */,
				C215289E1952687D00A2EA3F /* FMDatabaseAdditions.m */,
				C215289F1952687D00A2EA3F /* FMDatabasePool.h */,
				C21528A01952687D00A2EA3F /* FMDatabasePool.m */,
				C21528A11952687D00A2EA3F /* FMDatabaseQueue.h */,
				C21528A21952687D00A2EA3F /* FMDatabaseQueue.m */,
				C21528A31952687D00A2EA3F /* FMDB.h */,
				C21528A41952687D00A2EA3F /* FMResultSet.h */,
				C21528A51952687D00A2EA3F /* FMResultSet.m */,
			);
			path = fmdb;
			sourceTree = "<group>";
		};
		C2167ACF1951DD6E00F2EAE4 /* Class */ = {
			isa = PBXGroup;
			children = (
				C2167AD01951DD6E00F2EAE4 /* AppDelegate */,
				C2167AD31951DD6E00F2EAE4 /* Controller */,
				C2167AD71951DD6E00F2EAE4 /* Model */,
				C2167AE81951DD6E00F2EAE4 /* Scence */,
				C2167ADA1951DD6E00F2EAE4 /* OpenSource */,
				C2167AD61951DD6E00F2EAE4 /* Helper */,
			);
			path = Class;
			sourceTree = "<group>";
		};
		C2167AD01951DD6E00F2EAE4 /* AppDelegate */ = {
			isa = PBXGroup;
			children = (
				C2167AD11951DD6E00F2EAE4 /* CFAppDelegate.h */,
				C2167AD21951DD6E00F2EAE4 /* CFAppDelegate.m */,
			);
			path = AppDelegate;
			sourceTree = "<group>";
		};
		C2167AD31951DD6E00F2EAE4 /* Controller */ = {
			isa = PBXGroup;
			children = (
				C2167AD41951DD6E00F2EAE4 /* CFMainController.h */,
				C2167AD51951DD6E00F2EAE4 /* CFMainController.m */,
			);
			path = Controller;
			sourceTree = "<group>";
		};
		C2167AD61951DD6E00F2EAE4 /* Helper */ = {
			isa = PBXGroup;
			children = (
			);
			path = Helper;
			sourceTree = "<group>";
		};
		C2167AD71951DD6E00F2EAE4 /* Model */ = {
			isa = PBXGroup;
			children = (
				C21528AD19526C4D00A2EA3F /* CFPerson.h */,
				C21528AE19526C4D00A2EA3F /* CFPerson.m */,
				C2167AD81951DD6E00F2EAE4 /* CFAddressBookModel.h */,
				C2167AD91951DD6E00F2EAE4 /* CFAddressBookModel.m */,
			);
			path = Model;
			sourceTree = "<group>";
		};
		C2167ADA1951DD6E00F2EAE4 /* OpenSource */ = {
			isa = PBXGroup;
			children = (
				C215289A1952687D00A2EA3F /* fmdb */,
				C2167ADB1951DD6E00F2EAE4 /* UIAlertView-Blocks */,
				C2167AE51951DD6E00F2EAE4 /* UIImage-AssetUrl */,
			);
			path = OpenSource;
			sourceTree = "<group>";
		};
		C2167ADB1951DD6E00F2EAE4 /* UIAlertView-Blocks */ = {
			isa = PBXGroup;
			children = (
				C2167ADC1951DD6E00F2EAE4 /* LICENSE */,
				C2167ADD1951DD6E00F2EAE4 /* README.md */,
				C2167ADE1951DD6E00F2EAE4 /* RIButtonItem.h */,
				C2167ADF1951DD6E00F2EAE4 /* RIButtonItem.m */,
				C2167AE01951DD6E00F2EAE4 /* UIActionSheet+Blocks.h */,
				C2167AE11951DD6E00F2EAE4 /* UIActionSheet+Blocks.m */,
				C2167AE21951DD6E00F2EAE4 /* UIAlertView+Blocks.h */,
				C2167AE31951DD6E00F2EAE4 /* UIAlertView+Blocks.m */,
				C2167AE41951DD6E00F2EAE4 /* UIAlertView-Blocks.podspec */,
			);
			path = "UIAlertView-Blocks";
			sourceTree = "<group>";
		};
		C2167AE51951DD6E00F2EAE4 /* UIImage-AssetUrl */ = {
			isa = PBXGroup;
			children = (
				C2167AE61951DD6E00F2EAE4 /* UIImage+AssetUrl.h */,
				C2167AE71951DD6E00F2EAE4 /* UIImage+AssetUrl.m */,
			);
			path = "UIImage-AssetUrl";
			sourceTree = "<group>";
		};
		C2167AE81951DD6E00F2EAE4 /* Scence */ = {
			isa = PBXGroup;
			children = (
				C2167AE91951DD6E00F2EAE4 /* AddressBook */,
				C2167AF81951DD6E00F2EAE4 /* EditPerson */,
				C2167AFF1951DD6E00F2EAE4 /* NSString-Tools */,
			);
			path = Scence;
			sourceTree = "<group>";
		};
		C2167AE91951DD6E00F2EAE4 /* AddressBook */ = {
			isa = PBXGroup;
			children = (
				C2167AEA1951DD6E00F2EAE4 /* CFAddressBookView.h */,
				C2167AEB1951DD6E00F2EAE4 /* CFAddressBookView.m */,
				C2167AEC1951DD6E00F2EAE4 /* CFAddressBookViewController.h */,
				C2167AED1951DD6E00F2EAE4 /* CFAddressBookViewController.m */,
				C2167AF61951DD6E00F2EAE4 /* CFPersonTableViewCell.h */,
				C2167AF71951DD6E00F2EAE4 /* CFPersonTableViewCell.m */,
				C2167AF01951DD6E00F2EAE4 /* CFMaleTableViewCell.h */,
				C2167AF11951DD6E00F2EAE4 /* CFMaleTableViewCell.m */,
				C2167AEE1951DD6E00F2EAE4 /* CFFemaleTableViewCell.h */,
				C2167AEF1951DD6E00F2EAE4 /* CFFemaleTableViewCell.m */,
				C2167AF41951DD6E00F2EAE4 /* CFPersonCellInfoView.h */,
				C2167AF51951DD6E00F2EAE4 /* CFPersonCellInfoView.m */,
			);
			path = AddressBook;
			sourceTree = "<group>";
		};
		C2167AF81951DD6E00F2EAE4 /* EditPerson */ = {
			isa = PBXGroup;
			children = (
				C2167AF91951DD6E00F2EAE4 /* CFAvatarView.h */,
				C2167AFA1951DD6E00F2EAE4 /* CFAvatarView.m */,
				C2167AFB1951DD6E00F2EAE4 /* CFEditPersonView.h */,
				C2167AFC1951DD6E00F2EAE4 /* CFEditPersonView.m */,
				C2167AFD1951DD6E00F2EAE4 /* CFEditPersonViewController.h */,
				C2167AFE1951DD6E00F2EAE4 /* CFEditPersonViewController.m */,
			);
			path = EditPerson;
			sourceTree = "<group>";
		};
		C2167AFF1951DD6E00F2EAE4 /* NSString-Tools */ = {
			isa = PBXGroup;
			children = (
				C2167B001951DD6E00F2EAE4 /* NSString+IsAllNumbers.h */,
				C2167B011951DD6E00F2EAE4 /* NSString+IsAllNumbers.m */,
			);
			path = "NSString-Tools";
			sourceTree = "<group>";
		};
		C2167B021951DD6E00F2EAE4 /* Resources */ = {
			isa = PBXGroup;
			children = (
				C2131AB71952DDB2009ED1B0 /* AddressBook.db */,
				C2167B031951DD6E00F2EAE4 /* addressBookData */,
				C2167B041951DD6E00F2EAE4 /* Img */,
			);
			path = Resources;
			sourceTree = "<group>";
		};
		C2167B041951DD6E00F2EAE4 /* Img */ = {
			isa = PBXGroup;
			children = (
				C2167B051951DD6E00F2EAE4 /* default.jpg */,
				C2167B061951DD6E00F2EAE4 /* 乌尔奇奥拉·西法.png */,
				C2167B071951DD6E00F2EAE4 /* 亚罗尼洛·艾鲁鲁耶利.png */,
				C2167B081951DD6E00F2EAE4 /* 佐马利·路鲁.png */,
				C2167B091951DD6E00F2EAE4 /* 妮莉艾露·杜·欧德修凡克.png */,
				C2167B0A1951DD6E00F2EAE4 /* 拜勒岗·鲁伊森邦.png */,
				C2167B0B1951DD6E00F2EAE4 /* 柯雅泰·史塔克.png */,
				C2167B0C1951DD6E00F2EAE4 /* 牙密·里亚尔戈.png */,
				C2167B0D1951DD6E00F2EAE4 /* 萨尔阿波罗·格兰兹.png */,
				C2167B0E1951DD6E00F2EAE4 /* 葛力姆乔·贾卡杰克.png */,
				C2167B0F1951DD6E00F2EAE4 /* 蒂雅·赫丽贝尔.png */,
				C2167B101951DD6E00F2EAE4 /* 诺伊特拉·吉尔加.png */,
			);
			path = Img;
			sourceTree = "<group>";
		};
		C216C02A1941F351008DF648 /* Supporting Files */ = {
			isa = PBXGroup;
			children = (
				C212855D19443973004EC639 /* readme.md */,
				C281CA3B1941CC0300D61F40 /* main.m */,
				C281CA381941CC0300D61F40 /* InfoPlist.strings */,
				C281CA3A1941CC0300D61F40 /* Images.xcassets */,
				C281CA2D1941CC0300D61F40 /* AddressBookUI-Prefix.pch */,
			);
			name = "Supporting Files";
			sourceTree = "<group>";
		};
		C217AB7D19408CFB0006784A = {
			isa = PBXGroup;
			children = (
				C281CA2A1941CC0300D61F40 /* AddressBookUI */,
				C217ABA819408CFB0006784A /* AddressBookUITests */,
				C217AB8819408CFB0006784A /* Frameworks */,
				C217AB8719408CFB0006784A /* Products */,
			);
			sourceTree = "<group>";
			usesTabs = 0;
		};
		C217AB8719408CFB0006784A /* Products */ = {
			isa = PBXGroup;
			children = (
				C217AB8619408CFB0006784A /* AddressBookUI.app */,
				C217ABA119408CFB0006784A /* AddressBookUITests.xctest */,
			);
			name = Products;
			sourceTree = "<group>";
		};
		C217AB8819408CFB0006784A /* Frameworks */ = {
			isa = PBXGroup;
			children = (
				C21528AB1952689A00A2EA3F /* libsqlite3.0.dylib */,
				C21CC924194A9C08003E8808 /* AssetsLibrary.framework */,
				C217AB8919408CFB0006784A /* Foundation.framework */,
				C217AB8B19408CFB0006784A /* CoreGraphics.framework */,
				C217AB8D19408CFB0006784A /* UIKit.framework */,
				C217ABA219408CFB0006784A /* XCTest.framework */,
			);
			name = Frameworks;
			sourceTree = "<group>";
		};
		C217ABA819408CFB0006784A /* AddressBookUITests */ = {
			isa = PBXGroup;
			children = (
				C217ABAE19408CFB0006784A /* AddressBookUITests.m */,
				C217ABA919408CFB0006784A /* Supporting Files */,
			);
			path = AddressBookUITests;
			sourceTree = "<group>";
		};
		C217ABA919408CFB0006784A /* Supporting Files */ = {
			isa = PBXGroup;
			children = (
				C217ABAA19408CFB0006784A /* AddressBookUITests-Info.plist */,
				C217ABAB19408CFB0006784A /* InfoPlist.strings */,
			);
			name = "Supporting Files";
			sourceTree = "<group>";
		};
		C281CA2A1941CC0300D61F40 /* AddressBookUI */ = {
			isa = PBXGroup;
			children = (
				C2167ACF1951DD6E00F2EAE4 /* Class */,
				C2167B021951DD6E00F2EAE4 /* Resources */,
				C216C02A1941F351008DF648 /* Supporting Files */,
			);
			path = AddressBookUI;
			sourceTree = "<group>";
		};
/* End PBXGroup section */

/* Begin PBXNativeTarget section */
		C217AB8519408CFB0006784A /* AddressBookUI */ = {
			isa = PBXNativeTarget;
			buildConfigurationList = C217ABB219408CFB0006784A /* Build configuration list for PBXNativeTarget "AddressBookUI" */;
			buildPhases = (
				C217AB8219408CFB0006784A /* Sources */,
				C217AB8319408CFB0006784A /* Frameworks */,
				C217AB8419408CFB0006784A /* Resources */,
			);
			buildRules = (
			);
			dependencies = (
			);
			name = AddressBookUI;
			productName = AddressBookUI;
			productReference = C217AB8619408CFB0006784A /* AddressBookUI.app */;
			productType = "com.apple.product-type.application";
		};
		C217ABA019408CFB0006784A /* AddressBookUITests */ = {
			isa = PBXNativeTarget;
			buildConfigurationList = C217ABB519408CFB0006784A /* Build configuration list for PBXNativeTarget "AddressBookUITests" */;
			buildPhases = (
				C217AB9D19408CFB0006784A /* Sources */,
				C217AB9E19408CFB0006784A /* Frameworks */,
				C217AB9F19408CFB0006784A /* Resources */,
			);
			buildRules = (
			);
			dependencies = (
				C217ABA719408CFB0006784A /* PBXTargetDependency */,
			);
			name = AddressBookUITests;
			productName = AddressBookUITests;
			productReference = C217ABA119408CFB0006784A /* AddressBookUITests.xctest */;
			productType = "com.apple.product-type.bundle.unit-test";
		};
/* End PBXNativeTarget section */

/* Begin PBXProject section */
		C217AB7E19408CFB0006784A /* Project object */ = {
			isa = PBXProject;
			attributes = {
				CLASSPREFIX = CF;
				LastUpgradeCheck = 0510;
				ORGANIZATIONNAME = Shadow;
				TargetAttributes = {
					C217ABA019408CFB0006784A = {
						TestTargetID = C217AB8519408CFB0006784A;
					};
				};
			};
			buildConfigurationList = C217AB8119408CFB0006784A /* Build configuration list for PBXProject "AddressBookUI" */;
			compatibilityVersion = "Xcode 3.2";
			developmentRegion = English;
			hasScannedForEncodings = 0;
			knownRegions = (
				en,
			);
			mainGroup = C217AB7D19408CFB0006784A;
			productRefGroup = C217AB8719408CFB0006784A /* Products */;
			projectDirPath = "";
			projectRoot = "";
			targets = (
				C217AB8519408CFB0006784A /* AddressBookUI */,
				C217ABA019408CFB0006784A /* AddressBookUITests */,
			);
		};
/* End PBXProject section */

/* Begin PBXResourcesBuildPhase section */
		C217AB8419408CFB0006784A /* Resources */ = {
			isa = PBXResourcesBuildPhase;
			buildActionMask = 2147483647;
			files = (
				C2131ABA1952E515009ED1B0 /* LICENSE.txt in Resources */,
				C2131AB81952DDB2009ED1B0 /* AddressBook.db in Resources */,
				C2167B321951DD6F00F2EAE4 /* 诺伊特拉·吉尔加.png in Resources */,
				C2167B2F1951DD6F00F2EAE4 /* 萨尔阿波罗·格兰兹.png in Resources */,
				C281CA461941CC0300D61F40 /* Images.xcassets in Resources */,
				C281CA451941CC0300D61F40 /* InfoPlist.strings in Resources */,
				C2167B191951DD6E00F2EAE4 /* UIAlertView-Blocks.podspec in Resources */,
				C2167B151951DD6E00F2EAE4 /* README.md in Resources */,
				C21528B119527C7900A2EA3F /* README.markdown in Resources */,
				C2167B2B1951DD6F00F2EAE4 /* 妮莉艾露·杜·欧德修凡克.png in Resources */,
				C2167B141951DD6E00F2EAE4 /* LICENSE in Resources */,
				C2167B2D1951DD6F00F2EAE4 /* 柯雅泰·史塔克.png in Resources */,
				C2167B2E1951DD6F00F2EAE4 /* 牙密·里亚尔戈.png in Resources */,
				C212855E19443973004EC639 /* readme.md in Resources */,
				C2167B261951DD6F00F2EAE4 /* addressBookData in Resources */,
				C2167B311951DD6F00F2EAE4 /* 蒂雅·赫丽贝尔.png in Resources */,
				C2167B301951DD6F00F2EAE4 /* 葛力姆乔·贾卡杰克.png in Resources */,
				C2167B2A1951DD6F00F2EAE4 /* 佐马利·路鲁.png in Resources */,
				C2167B291951DD6F00F2EAE4 /* 亚罗尼洛·艾鲁鲁耶利.png in Resources */,
				C2167B271951DD6F00F2EAE4 /* default.jpg in Resources */,
				C2167B281951DD6F00F2EAE4 /* 乌尔奇奥拉·西法.png in Resources */,
				C2167B2C1951DD6F00F2EAE4 /* 拜勒岗·鲁伊森邦.png in Resources */,
			);
			runOnlyForDeploymentPostprocessing = 0;
		};
		C217AB9F19408CFB0006784A /* Resources */ = {
			isa = PBXResourcesBuildPhase;
			buildActionMask = 2147483647;
			files = (
				C217ABAD19408CFB0006784A /* InfoPlist.strings in Resources */,
			);
			runOnlyForDeploymentPostprocessing = 0;
		};
/* End PBXResourcesBuildPhase section */

/* Begin PBXSourcesBuildPhase section */
		C217AB8219408CFB0006784A /* Sources */ = {
			isa = PBXSourcesBuildPhase;
			buildActionMask = 2147483647;
			files = (
				C2167B121951DD6E00F2EAE4 /* CFMainController.m in Sources */,
				C2167B171951DD6E00F2EAE4 /* UIActionSheet+Blocks.m in Sources */,
				C2167B161951DD6E00F2EAE4 /* RIButtonItem.m in Sources */,
				C21528A61952687D00A2EA3F /* FMDatabase.m in Sources */,
				C2167B251951DD6F00F2EAE4 /* NSString+IsAllNumbers.m in Sources */,
				C21528A81952687D00A2EA3F /* FMDatabasePool.m in Sources */,
				C21528AA1952687D00A2EA3F /* FMResultSet.m in Sources */,
				C21528A71952687D00A2EA3F /* FMDatabaseAdditions.m in Sources */,
				C2167B231951DD6F00F2EAE4 /* CFEditPersonView.m in Sources */,
				C2167B241951DD6F00F2EAE4 /* CFEditPersonViewController.m in Sources */,
				C2167B1E1951DD6E00F2EAE4 /* CFMaleTableViewCell.m in Sources */,
				C2167B201951DD6E00F2EAE4 /* CFPersonCellInfoView.m in Sources */,
				C281CA471941CC0300D61F40 /* main.m in Sources */,
				C21528AF19526C4D00A2EA3F /* CFPerson.m in Sources */,
				C21528A91952687D00A2EA3F /* FMDatabaseQueue.m in Sources */,
				C2167B1B1951DD6E00F2EAE4 /* CFAddressBookView.m in Sources */,
				C2167B1A1951DD6E00F2EAE4 /* UIImage+AssetUrl.m in Sources */,
				C2167B181951DD6E00F2EAE4 /* UIAlertView+Blocks.m in Sources */,
				C2167B131951DD6E00F2EAE4 /* CFAddressBookModel.m in Sources */,
				C2167B1D1951DD6E00F2EAE4 /* CFFemaleTableViewCell.m in Sources */,
				C2167B111951DD6E00F2EAE4 /* CFAppDelegate.m in Sources */,
				C2167B221951DD6E00F2EAE4 /* CFAvatarView.m in Sources */,
				C2167B1C1951DD6E00F2EAE4 /* CFAddressBookViewController.m in Sources */,
				C2167B211951DD6E00F2EAE4 /* CFPersonTableViewCell.m in Sources */,
			);
			runOnlyForDeploymentPostprocessing = 0;
		};
		C217AB9D19408CFB0006784A /* Sources */ = {
			isa = PBXSourcesBuildPhase;
			buildActionMask = 2147483647;
			files = (
				C217ABAF19408CFB0006784A /* AddressBookUITests.m in Sources */,
			);
			runOnlyForDeploymentPostprocessing = 0;
		};
/* End PBXSourcesBuildPhase section */

/* Begin PBXTargetDependency section */
		C217ABA719408CFB0006784A /* PBXTargetDependency */ = {
			isa = PBXTargetDependency;
			target = C217AB8519408CFB0006784A /* AddressBookUI */;
			targetProxy = C217ABA619408CFB0006784A /* PBXContainerItemProxy */;
		};
/* End PBXTargetDependency section */

/* Begin PBXVariantGroup section */
		C217ABAB19408CFB0006784A /* InfoPlist.strings */ = {
			isa = PBXVariantGroup;
			children = (
				C217ABAC19408CFB0006784A /* en */,
			);
			name = InfoPlist.strings;
			sourceTree = "<group>";
		};
		C281CA381941CC0300D61F40 /* InfoPlist.strings */ = {
			isa = PBXVariantGroup;
			children = (
				C281CA391941CC0300D61F40 /* en */,
			);
			name = InfoPlist.strings;
			sourceTree = "<group>";
		};
/* End PBXVariantGroup section */

/* Begin XCBuildConfiguration section */
		C217ABB019408CFB0006784A /* Debug */ = {
			isa = XCBuildConfiguration;
			buildSettings = {
				ALWAYS_SEARCH_USER_PATHS = NO;
				CLANG_CXX_LANGUAGE_STANDARD = "gnu++0x";
				CLANG_CXX_LIBRARY = "libc++";
				CLANG_ENABLE_MODULES = YES;
				CLANG_ENABLE_OBJC_ARC = YES;
				CLANG_WARN_BOOL_CONVERSION = YES;
				CLANG_WARN_CONSTANT_CONVERSION = YES;
				CLANG_WARN_DIRECT_OBJC_ISA_USAGE = YES_ERROR;
				CLANG_WARN_EMPTY_BODY = YES;
				CLANG_WARN_ENUM_CONVERSION = YES;
				CLANG_WARN_INT_CONVERSION = YES;
				CLANG_WARN_OBJC_ROOT_CLASS = YES_ERROR;
				CLANG_WARN__DUPLICATE_METHOD_MATCH = YES;
				"CODE_SIGN_IDENTITY[sdk=iphoneos*]" = "iPhone Developer";
				COPY_PHASE_STRIP = NO;
				GCC_C_LANGUAGE_STANDARD = gnu99;
				GCC_DYNAMIC_NO_PIC = NO;
				GCC_OPTIMIZATION_LEVEL = 0;
				GCC_PREPROCESSOR_DEFINITIONS = (
					"DEBUG=1",
					"$(inherited)",
				);
				GCC_SYMBOLS_PRIVATE_EXTERN = NO;
				GCC_WARN_64_TO_32_BIT_CONVERSION = YES;
				GCC_WARN_ABOUT_RETURN_TYPE = YES_ERROR;
				GCC_WARN_UNDECLARED_SELECTOR = YES;
				GCC_WARN_UNINITIALIZED_AUTOS = YES_AGGRESSIVE;
				GCC_WARN_UNUSED_FUNCTION = YES;
				GCC_WARN_UNUSED_VARIABLE = YES;
				IPHONEOS_DEPLOYMENT_TARGET = 7.1;
				ONLY_ACTIVE_ARCH = YES;
				SDKROOT = iphoneos;
				TARGETED_DEVICE_FAMILY = "1,2";
			};
			name = Debug;
		};
		C217ABB119408CFB0006784A /* Release */ = {
			isa = XCBuildConfiguration;
			buildSettings = {
				ALWAYS_SEARCH_USER_PATHS = NO;
				CLANG_CXX_LANGUAGE_STANDARD = "gnu++0x";
				CLANG_CXX_LIBRARY = "libc++";
				CLANG_ENABLE_MODULES = YES;
				CLANG_ENABLE_OBJC_ARC = YES;
				CLANG_WARN_BOOL_CONVERSION = YES;
				CLANG_WARN_CONSTANT_CONVERSION = YES;
				CLANG_WARN_DIRECT_OBJC_ISA_USAGE = YES_ERROR;
				CLANG_WARN_EMPTY_BODY = YES;
				CLANG_WARN_ENUM_CONVERSION = YES;
				CLANG_WARN_INT_CONVERSION = YES;
				CLANG_WARN_OBJC_ROOT_CLASS = YES_ERROR;
				CLANG_WARN__DUPLICATE_METHOD_MATCH = YES;
				"CODE_SIGN_IDENTITY[sdk=iphoneos*]" = "iPhone Developer";
				COPY_PHASE_STRIP = YES;
				ENABLE_NS_ASSERTIONS = NO;
				GCC_C_LANGUAGE_STANDARD = gnu99;
				GCC_WARN_64_TO_32_BIT_CONVERSION = YES;
				GCC_WARN_ABOUT_RETURN_TYPE = YES_ERROR;
				GCC_WARN_UNDECLARED_SELECTOR = YES;
				GCC_WARN_UNINITIALIZED_AUTOS = YES_AGGRESSIVE;
				GCC_WARN_UNUSED_FUNCTION = YES;
				GCC_WARN_UNUSED_VARIABLE = YES;
				IPHONEOS_DEPLOYMENT_TARGET = 7.1;
				SDKROOT = iphoneos;
				TARGETED_DEVICE_FAMILY = "1,2";
				VALIDATE_PRODUCT = YES;
			};
			name = Release;
		};
		C217ABB319408CFB0006784A /* Debug */ = {
			isa = XCBuildConfiguration;
			buildSettings = {
				ASSETCATALOG_COMPILER_APPICON_NAME = AppIcon;
				ASSETCATALOG_COMPILER_LAUNCHIMAGE_NAME = LaunchImage;
				CLANG_ENABLE_OBJC_ARC = NO;
				GCC_PRECOMPILE_PREFIX_HEADER = YES;
				GCC_PREFIX_HEADER = "AddressBookUI/AddressBookUI-Prefix.pch";
				INFOPLIST_FILE = "AddressBookUI/AddressBookUI-Info.plist";
				PRODUCT_NAME = "$(TARGET_NAME)";
				WRAPPER_EXTENSION = app;
			};
			name = Debug;
		};
		C217ABB419408CFB0006784A /* Release */ = {
			isa = XCBuildConfiguration;
			buildSettings = {
				ASSETCATALOG_COMPILER_APPICON_NAME = AppIcon;
				ASSETCATALOG_COMPILER_LAUNCHIMAGE_NAME = LaunchImage;
				CLANG_ENABLE_OBJC_ARC = NO;
				GCC_PRECOMPILE_PREFIX_HEADER = YES;
				GCC_PREFIX_HEADER = "AddressBookUI/AddressBookUI-Prefix.pch";
				INFOPLIST_FILE = "AddressBookUI/AddressBookUI-Info.plist";
				PRODUCT_NAME = "$(TARGET_NAME)";
				WRAPPER_EXTENSION = app;
			};
			name = Release;
		};
		C217ABB619408CFB0006784A /* Debug */ = {
			isa = XCBuildConfiguration;
			buildSettings = {
				BUNDLE_LOADER = "$(BUILT_PRODUCTS_DIR)/AddressBookUI.app/AddressBookUI";
				FRAMEWORK_SEARCH_PATHS = (
					"$(SDKROOT)/Developer/Library/Frameworks",
					"$(inherited)",
					"$(DEVELOPER_FRAMEWORKS_DIR)",
				);
				GCC_PRECOMPILE_PREFIX_HEADER = YES;
				GCC_PREFIX_HEADER = "AddressBookUI/AddressBookUI-Prefix.pch";
				GCC_PREPROCESSOR_DEFINITIONS = (
					"DEBUG=1",
					"$(inherited)",
				);
				INFOPLIST_FILE = "AddressBookUITests/AddressBookUITests-Info.plist";
				PRODUCT_NAME = "$(TARGET_NAME)";
				TEST_HOST = "$(BUNDLE_LOADER)";
				WRAPPER_EXTENSION = xctest;
			};
			name = Debug;
		};
		C217ABB719408CFB0006784A /* Release */ = {
			isa = XCBuildConfiguration;
			buildSettings = {
				BUNDLE_LOADER = "$(BUILT_PRODUCTS_DIR)/AddressBookUI.app/AddressBookUI";
				FRAMEWORK_SEARCH_PATHS = (
					"$(SDKROOT)/Developer/Library/Frameworks",
					"$(inherited)",
					"$(DEVELOPER_FRAMEWORKS_DIR)",
				);
				GCC_PRECOMPILE_PREFIX_HEADER = YES;
				GCC_PREFIX_HEADER = "AddressBookUI/AddressBookUI-Prefix.pch";
				INFOPLIST_FILE = "AddressBookUITests/AddressBookUITests-Info.plist";
				PRODUCT_NAME = "$(TARGET_NAME)";
				TEST_HOST = "$(BUNDLE_LOADER)";
				WRAPPER_EXTENSION = xctest;
			};
			name = Release;
		};
/* End XCBuildConfiguration section */

/* Begin XCConfigurationList section */
		C217AB8119408CFB0006784A /* Build configuration list for PBXProject "AddressBookUI" */ = {
			isa = XCConfigurationList;
			buildConfigurations = (
				C217ABB019408CFB0006784A /* Debug */,
				C217ABB119408CFB0006784A /* Release */,
			);
			defaultConfigurationIsVisible = 0;
			defaultConfigurationName = Release;
		};
		C217ABB219408CFB0006784A /* Build configuration list for PBXNativeTarget "AddressBookUI" */ = {
			isa = XCConfigurationList;
			buildConfigurations = (
				C217ABB319408CFB0006784A /* Debug */,
				C217ABB419408CFB0006784A /* Release */,
			);
			defaultConfigurationIsVisible = 0;
			defaultConfigurationName = Release;
		};
		C217ABB519408CFB0006784A /* Build configuration list for PBXNativeTarget "AddressBookUITests" */ = {
			isa = XCConfigurationList;
			buildConfigurations = (
				C217ABB619408CFB0006784A /* Debug */,
				C217ABB719408CFB0006784A /* Release */,
			);
			defaultConfigurationIsVisible = 0;
			defaultConfigurationName = Release;
		};
/* End XCConfigurationList section */
	};
	rootObject = C217AB7E19408CFB0006784A /* Project object */;
}
